// !$*UTF8*$!
{
	archiveVersion = 1;
	classes = {
	};
	objectVersion = 46;
	objects = {

/* Begin PBXBuildFile section */
		BA09BFC01B6D882700138139 /* Gotham-Rounded-Bold.ttf in Resources */ = {isa = PBXBuildFile; fileRef = BA09BFBC1B6D882700138139 /* Gotham-Rounded-Bold.ttf */; };
		BA09BFC11B6D882700138139 /* Gotham-Rounded-Book.ttf in Resources */ = {isa = PBXBuildFile; fileRef = BA09BFBD1B6D882700138139 /* Gotham-Rounded-Book.ttf */; };
		BA09BFC21B6D882700138139 /* Gotham-Rounded-Light.ttf in Resources */ = {isa = PBXBuildFile; fileRef = BA09BFBE1B6D882700138139 /* Gotham-Rounded-Light.ttf */; };
		BA09BFC31B6D882700138139 /* Gotham-Rounded-Medium.ttf in Resources */ = {isa = PBXBuildFile; fileRef = BA09BFBF1B6D882700138139 /* Gotham-Rounded-Medium.ttf */; };
		BA09BFC51B6D99A100138139 /* combinationViewTabBar.png in Resources */ = {isa = PBXBuildFile; fileRef = BA09BFC41B6D99A100138139 /* combinationViewTabBar.png */; };
		BA09BFC81B6D9CE200138139 /* URBSegmentedControl.m in Sources */ = {isa = PBXBuildFile; fileRef = BA09BFC71B6D9CE200138139 /* URBSegmentedControl.m */; };
		BA09BFCC1B6F294100138139 /* myLocationBtn.png in Resources */ = {isa = PBXBuildFile; fileRef = BA09BFCB1B6F294100138139 /* myLocationBtn.png */; };
		BA09D0611B78086000138139 /* NuVentsHelperJS.js in Resources */ = {isa = PBXBuildFile; fileRef = BA09D0601B78086000138139 /* NuVentsHelperJS.js */; };
		BA1B73401AFFFADE00A15B77 /* location.gpx in Resources */ = {isa = PBXBuildFile; fileRef = BA1B733F1AFFFADE00A15B77 /* location.gpx */; };
		BA20044A1BAB9C01005DAFF9 /* share.png in Resources */ = {isa = PBXBuildFile; fileRef = BA2004491BAB9C01005DAFF9 /* share.png */; };
		BA5B90CA1AED81F3000B1BD5 /* AppDelegate.swift in Sources */ = {isa = PBXBuildFile; fileRef = BA5B90C91AED81F3000B1BD5 /* AppDelegate.swift */; };
		BA5B90CC1AED81F3000B1BD5 /* WelcomeView.swift in Sources */ = {isa = PBXBuildFile; fileRef = BA5B90CB1AED81F3000B1BD5 /* WelcomeView.swift */; };
		BA5B90CF1AED81F3000B1BD5 /* Main.storyboard in Resources */ = {isa = PBXBuildFile; fileRef = BA5B90CD1AED81F3000B1BD5 /* Main.storyboard */; };
		BA5B90D11AED81F3000B1BD5 /* Images.xcassets in Resources */ = {isa = PBXBuildFile; fileRef = BA5B90D01AED81F3000B1BD5 /* Images.xcassets */; };
		BA5B90D41AED81F3000B1BD5 /* LaunchScreen.xib in Resources */ = {isa = PBXBuildFile; fileRef = BA5B90D21AED81F3000B1BD5 /* LaunchScreen.xib */; };
		BA5B90E01AED81F3000B1BD5 /* NuVents_iosTests.swift in Sources */ = {isa = PBXBuildFile; fileRef = BA5B90DF1AED81F3000B1BD5 /* NuVents_iosTests.swift */; };
		BA5B90F21AED8525000B1BD5 /* CoreLocation.framework in Frameworks */ = {isa = PBXBuildFile; fileRef = BA5B90F11AED8525000B1BD5 /* CoreLocation.framework */; };
		BA5B91021AED856F000B1BD5 /* QuartzCore.framework in Frameworks */ = {isa = PBXBuildFile; fileRef = BA5B91011AED856F000B1BD5 /* QuartzCore.framework */; };
		BA5B91041AED8575000B1BD5 /* SystemConfiguration.framework in Frameworks */ = {isa = PBXBuildFile; fileRef = BA5B91031AED8575000B1BD5 /* SystemConfiguration.framework */; };
		BA5D91E61B80FB2C000115BE /* CategoryViewCell.swift in Sources */ = {isa = PBXBuildFile; fileRef = BA5D91E51B80FB2C000115BE /* CategoryViewCell.swift */; };
		BA5D91E81B810090000115BE /* MapKit.framework in Frameworks */ = {isa = PBXBuildFile; fileRef = BA5D91E71B810090000115BE /* MapKit.framework */; };
		BA5D920B1B811F4F000115BE /* MBXMapKit.m in Sources */ = {isa = PBXBuildFile; fileRef = BA5D92001B811F4F000115BE /* MBXMapKit.m */; };
		BA5D920C1B811F4F000115BE /* MBXOfflineMapDatabase.m in Sources */ = {isa = PBXBuildFile; fileRef = BA5D92021B811F4F000115BE /* MBXOfflineMapDatabase.m */; };
		BA5D920D1B811F4F000115BE /* MBXOfflineMapDownloader.m in Sources */ = {isa = PBXBuildFile; fileRef = BA5D92041B811F4F000115BE /* MBXOfflineMapDownloader.m */; };
		BA5D920E1B811F4F000115BE /* MBXPointAnnotation.m in Sources */ = {isa = PBXBuildFile; fileRef = BA5D92061B811F4F000115BE /* MBXPointAnnotation.m */; };
		BA5D920F1B811F4F000115BE /* MBXRasterTileOverlay.m in Sources */ = {isa = PBXBuildFile; fileRef = BA5D92081B811F4F000115BE /* MBXRasterTileOverlay.m */; };
		BA5D92101B811F4F000115BE /* MBXRasterTileRenderer.m in Sources */ = {isa = PBXBuildFile; fileRef = BA5D920A1B811F4F000115BE /* MBXRasterTileRenderer.m */; };
		BA5D92191B81906C000115BE /* MapViewAnnotationView.m in Sources */ = {isa = PBXBuildFile; fileRef = BA5D92181B81906C000115BE /* MapViewAnnotationView.m */; };
		BA5D921C1B8254E8000115BE /* SMCalloutView.m in Sources */ = {isa = PBXBuildFile; fileRef = BA5D921B1B8254E8000115BE /* SMCalloutView.m */; };
		BA79AD3A1BAC998B00B64493 /* SocketAckEmitter.swift in Sources */ = {isa = PBXBuildFile; fileRef = BA79AD2A1BAC998B00B64493 /* SocketAckEmitter.swift */; settings = {ASSET_TAGS = (); }; };
		BA79AD3B1BAC998B00B64493 /* SocketAckManager.swift in Sources */ = {isa = PBXBuildFile; fileRef = BA79AD2B1BAC998B00B64493 /* SocketAckManager.swift */; settings = {ASSET_TAGS = (); }; };
		BA79AD3C1BAC998B00B64493 /* SocketAnyEvent.swift in Sources */ = {isa = PBXBuildFile; fileRef = BA79AD2C1BAC998B00B64493 /* SocketAnyEvent.swift */; settings = {ASSET_TAGS = (); }; };
		BA79AD3D1BAC998B00B64493 /* SocketEngine.swift in Sources */ = {isa = PBXBuildFile; fileRef = BA79AD2D1BAC998B00B64493 /* SocketEngine.swift */; settings = {ASSET_TAGS = (); }; };
		BA79AD3E1BAC998B00B64493 /* SocketEngineClient.swift in Sources */ = {isa = PBXBuildFile; fileRef = BA79AD2E1BAC998B00B64493 /* SocketEngineClient.swift */; settings = {ASSET_TAGS = (); }; };
		BA79AD3F1BAC998B00B64493 /* SocketEventHandler.swift in Sources */ = {isa = PBXBuildFile; fileRef = BA79AD2F1BAC998B00B64493 /* SocketEventHandler.swift */; settings = {ASSET_TAGS = (); }; };
		BA79AD401BAC998B00B64493 /* SocketFixUTF8.swift in Sources */ = {isa = PBXBuildFile; fileRef = BA79AD301BAC998B00B64493 /* SocketFixUTF8.swift */; settings = {ASSET_TAGS = (); }; };
		BA79AD411BAC998B00B64493 /* SocketIOClient.swift in Sources */ = {isa = PBXBuildFile; fileRef = BA79AD311BAC998B00B64493 /* SocketIOClient.swift */; settings = {ASSET_TAGS = (); }; };
		BA79AD421BAC998B00B64493 /* SocketIOClientStatus.swift in Sources */ = {isa = PBXBuildFile; fileRef = BA79AD321BAC998B00B64493 /* SocketIOClientStatus.swift */; settings = {ASSET_TAGS = (); }; };
		BA79AD431BAC998B00B64493 /* SocketLogger.swift in Sources */ = {isa = PBXBuildFile; fileRef = BA79AD331BAC998B00B64493 /* SocketLogger.swift */; settings = {ASSET_TAGS = (); }; };
		BA79AD441BAC998B00B64493 /* SocketPacket.swift in Sources */ = {isa = PBXBuildFile; fileRef = BA79AD341BAC998B00B64493 /* SocketPacket.swift */; settings = {ASSET_TAGS = (); }; };
		BA79AD451BAC998B00B64493 /* SocketParser.swift in Sources */ = {isa = PBXBuildFile; fileRef = BA79AD351BAC998B00B64493 /* SocketParser.swift */; settings = {ASSET_TAGS = (); }; };
		BA79AD461BAC998B00B64493 /* SocketStringReader.swift in Sources */ = {isa = PBXBuildFile; fileRef = BA79AD361BAC998B00B64493 /* SocketStringReader.swift */; settings = {ASSET_TAGS = (); }; };
		BA79AD471BAC998B00B64493 /* SocketTypes.swift in Sources */ = {isa = PBXBuildFile; fileRef = BA79AD371BAC998B00B64493 /* SocketTypes.swift */; settings = {ASSET_TAGS = (); }; };
		BA79AD481BAC998B00B64493 /* SwiftRegex.swift in Sources */ = {isa = PBXBuildFile; fileRef = BA79AD381BAC998B00B64493 /* SwiftRegex.swift */; settings = {ASSET_TAGS = (); }; };
		BA79AD491BAC998B00B64493 /* WebSocket.swift in Sources */ = {isa = PBXBuildFile; fileRef = BA79AD391BAC998B00B64493 /* WebSocket.swift */; settings = {ASSET_TAGS = (); }; };
		BA8D1B481BAE6A0B009B3DC9 /* RequestIllustration1.png in Resources */ = {isa = PBXBuildFile; fileRef = BA8D1B471BAE6A0B009B3DC9 /* RequestIllustration1.png */; settings = {ASSET_TAGS = (); }; };
		BA8D1B4A1BAE6A11009B3DC9 /* OnboardIllustration3.png in Resources */ = {isa = PBXBuildFile; fileRef = BA8D1B491BAE6A11009B3DC9 /* OnboardIllustration3.png */; settings = {ASSET_TAGS = (); }; };
		BA8D1B4C1BAE6A16009B3DC9 /* OnboardIllustration2.png in Resources */ = {isa = PBXBuildFile; fileRef = BA8D1B4B1BAE6A16009B3DC9 /* OnboardIllustration2.png */; settings = {ASSET_TAGS = (); }; };
		BA8D1B4E1BAE6A1D009B3DC9 /* OnboardIllustration1.png in Resources */ = {isa = PBXBuildFile; fileRef = BA8D1B4D1BAE6A1D009B3DC9 /* OnboardIllustration1.png */; settings = {ASSET_TAGS = (); }; };
		BA90B6131B19018500C3E3D8 /* NuVents_SplashScreen.png in Resources */ = {isa = PBXBuildFile; fileRef = BA90B6121B19018400C3E3D8 /* NuVents_SplashScreen.png */; };
		BA90B6171B1D211D00C3E3D8 /* Fabric.framework in Frameworks */ = {isa = PBXBuildFile; fileRef = BA90B6151B1D211D00C3E3D8 /* Fabric.framework */; };
		BA90B6181B1D211D00C3E3D8 /* Crashlytics.framework in Frameworks */ = {isa = PBXBuildFile; fileRef = BA90B6161B1D211D00C3E3D8 /* Crashlytics.framework */; };
		BA9D112E1AF0148900C07FD3 /* SwiftyJSON.swift in Sources */ = {isa = PBXBuildFile; fileRef = BA9D112D1AF0148900C07FD3 /* SwiftyJSON.swift */; };
		BAA63BBA1BBB97E6003CC769 /* refresh.png in Resources */ = {isa = PBXBuildFile; fileRef = BAA63BB91BBB97E6003CC769 /* refresh.png */; settings = {ASSET_TAGS = (); }; };
		BAA63BBD1BBBB890003CC769 /* CZPickerView.m in Sources */ = {isa = PBXBuildFile; fileRef = BAA63BBC1BBBB890003CC769 /* CZPickerView.m */; settings = {ASSET_TAGS = (); }; };
		BAAE257B1BACFD6500813086 /* ListFilter.swift in Sources */ = {isa = PBXBuildFile; fileRef = BAAE257A1BACFD6500813086 /* ListFilter.swift */; settings = {ASSET_TAGS = (); }; };
		BAAE257D1BACFD7700813086 /* MapFilter.swift in Sources */ = {isa = PBXBuildFile; fileRef = BAAE257C1BACFD7700813086 /* MapFilter.swift */; settings = {ASSET_TAGS = (); }; };
		BAAEFAD51B827EE200561664 /* Mapbox_Logo.png in Resources */ = {isa = PBXBuildFile; fileRef = BAAEFAD41B827EE200561664 /* Mapbox_Logo.png */; };
		BAAEFAFB1B88304A00561664 /* DetailViewSegue.swift in Sources */ = {isa = PBXBuildFile; fileRef = BAAEFAFA1B88304A00561664 /* DetailViewSegue.swift */; };
		BAAEFAFE1B88309800561664 /* DetailViewUnwindSegue.swift in Sources */ = {isa = PBXBuildFile; fileRef = BAAEFAFD1B88309800561664 /* DetailViewUnwindSegue.swift */; };
		BAAEFB001B8841E400561664 /* CombinationViewSegue.swift in Sources */ = {isa = PBXBuildFile; fileRef = BAAEFAFF1B8841E400561664 /* CombinationViewSegue.swift */; };
		BAAEFB021B88F1D100561664 /* RequestViewSegue.swift in Sources */ = {isa = PBXBuildFile; fileRef = BAAEFB011B88F1D100561664 /* RequestViewSegue.swift */; };
		BAAEFB041B88F1DD00561664 /* RequestViewUnwindSegue.swift in Sources */ = {isa = PBXBuildFile; fileRef = BAAEFB031B88F1DD00561664 /* RequestViewUnwindSegue.swift */; };
		BAD9D0401BB1E067001133E6 /* BNCContentDiscoveryManager.m in Sources */ = {isa = PBXBuildFile; fileRef = BAD9CFF61BB1E067001133E6 /* BNCContentDiscoveryManager.m */; settings = {ASSET_TAGS = (); }; };
		BAD9D0411BB1E067001133E6 /* BNCEncodingUtils.m in Sources */ = {isa = PBXBuildFile; fileRef = BAD9CFF81BB1E067001133E6 /* BNCEncodingUtils.m */; settings = {ASSET_TAGS = (); }; };
		BAD9D0421BB1E067001133E6 /* BNCError.m in Sources */ = {isa = PBXBuildFile; fileRef = BAD9CFFA1BB1E067001133E6 /* BNCError.m */; settings = {ASSET_TAGS = (); }; };
		BAD9D0431BB1E067001133E6 /* BNCLinkCache.m in Sources */ = {isa = PBXBuildFile; fileRef = BAD9CFFC1BB1E067001133E6 /* BNCLinkCache.m */; settings = {ASSET_TAGS = (); }; };
		BAD9D0441BB1E067001133E6 /* BNCLinkData.m in Sources */ = {isa = PBXBuildFile; fileRef = BAD9CFFE1BB1E067001133E6 /* BNCLinkData.m */; settings = {ASSET_TAGS = (); }; };
		BAD9D0451BB1E067001133E6 /* BNCPreferenceHelper.m in Sources */ = {isa = PBXBuildFile; fileRef = BAD9D0001BB1E067001133E6 /* BNCPreferenceHelper.m */; settings = {ASSET_TAGS = (); }; };
		BAD9D0461BB1E067001133E6 /* BNCServerInterface.m in Sources */ = {isa = PBXBuildFile; fileRef = BAD9D0021BB1E067001133E6 /* BNCServerInterface.m */; settings = {ASSET_TAGS = (); }; };
		BAD9D0471BB1E067001133E6 /* BNCServerRequestQueue.m in Sources */ = {isa = PBXBuildFile; fileRef = BAD9D0041BB1E067001133E6 /* BNCServerRequestQueue.m */; settings = {ASSET_TAGS = (); }; };
		BAD9D0481BB1E067001133E6 /* BNCServerResponse.m in Sources */ = {isa = PBXBuildFile; fileRef = BAD9D0061BB1E067001133E6 /* BNCServerResponse.m */; settings = {ASSET_TAGS = (); }; };
		BAD9D0491BB1E067001133E6 /* BNCStrongMatchHelper.m in Sources */ = {isa = PBXBuildFile; fileRef = BAD9D0081BB1E067001133E6 /* BNCStrongMatchHelper.m */; settings = {ASSET_TAGS = (); }; };
		BAD9D04A1BB1E067001133E6 /* BNCSystemObserver.m in Sources */ = {isa = PBXBuildFile; fileRef = BAD9D00A1BB1E067001133E6 /* BNCSystemObserver.m */; settings = {ASSET_TAGS = (); }; };
		BAD9D04B1BB1E067001133E6 /* Branch.m in Sources */ = {isa = PBXBuildFile; fileRef = BAD9D00D1BB1E067001133E6 /* Branch.m */; settings = {ASSET_TAGS = (); }; };
		BAD9D04C1BB1E067001133E6 /* BranchActivityItemProvider.m in Sources */ = {isa = PBXBuildFile; fileRef = BAD9D00F1BB1E067001133E6 /* BranchActivityItemProvider.m */; settings = {ASSET_TAGS = (); }; };
		BAD9D04D1BB1E067001133E6 /* BranchConstants.m in Sources */ = {isa = PBXBuildFile; fileRef = BAD9D0111BB1E067001133E6 /* BranchConstants.m */; settings = {ASSET_TAGS = (); }; };
		BAD9D04E1BB1E067001133E6 /* BranchCSSearchableItemAttributeSet.m in Sources */ = {isa = PBXBuildFile; fileRef = BAD9D0131BB1E067001133E6 /* BranchCSSearchableItemAttributeSet.m */; settings = {ASSET_TAGS = (); }; };
		BAD9D04F1BB1E067001133E6 /* BNCDebugRequest.m in Sources */ = {isa = PBXBuildFile; fileRef = BAD9D0171BB1E067001133E6 /* BNCDebugRequest.m */; settings = {ASSET_TAGS = (); }; };
		BAD9D0501BB1E067001133E6 /* BNCServerRequest.m in Sources */ = {isa = PBXBuildFile; fileRef = BAD9D0191BB1E067001133E6 /* BNCServerRequest.m */; settings = {ASSET_TAGS = (); }; };
		BAD9D0511BB1E067001133E6 /* BranchApplyPromoCodeRequest.m in Sources */ = {isa = PBXBuildFile; fileRef = BAD9D01B1BB1E067001133E6 /* BranchApplyPromoCodeRequest.m */; settings = {ASSET_TAGS = (); }; };
		BAD9D0521BB1E067001133E6 /* BranchCloseRequest.m in Sources */ = {isa = PBXBuildFile; fileRef = BAD9D01D1BB1E067001133E6 /* BranchCloseRequest.m */; settings = {ASSET_TAGS = (); }; };
		BAD9D0531BB1E067001133E6 /* BranchConnectDebugRequest.m in Sources */ = {isa = PBXBuildFile; fileRef = BAD9D01F1BB1E067001133E6 /* BranchConnectDebugRequest.m */; settings = {ASSET_TAGS = (); }; };
		BAD9D0541BB1E067001133E6 /* BranchCreditHistoryRequest.m in Sources */ = {isa = PBXBuildFile; fileRef = BAD9D0211BB1E067001133E6 /* BranchCreditHistoryRequest.m */; settings = {ASSET_TAGS = (); }; };
		BAD9D0551BB1E067001133E6 /* BranchDisconnectDebugRequest.m in Sources */ = {isa = PBXBuildFile; fileRef = BAD9D0231BB1E067001133E6 /* BranchDisconnectDebugRequest.m */; settings = {ASSET_TAGS = (); }; };
		BAD9D0561BB1E067001133E6 /* BranchGetPromoCodeRequest.m in Sources */ = {isa = PBXBuildFile; fileRef = BAD9D0251BB1E067001133E6 /* BranchGetPromoCodeRequest.m */; settings = {ASSET_TAGS = (); }; };
		BAD9D0571BB1E067001133E6 /* BranchInstallRequest.m in Sources */ = {isa = PBXBuildFile; fileRef = BAD9D0271BB1E067001133E6 /* BranchInstallRequest.m */; settings = {ASSET_TAGS = (); }; };
		BAD9D0581BB1E067001133E6 /* BranchLoadActionsRequest.m in Sources */ = {isa = PBXBuildFile; fileRef = BAD9D0291BB1E067001133E6 /* BranchLoadActionsRequest.m */; settings = {ASSET_TAGS = (); }; };
		BAD9D0591BB1E067001133E6 /* BranchLoadRewardsRequest.m in Sources */ = {isa = PBXBuildFile; fileRef = BAD9D02B1BB1E067001133E6 /* BranchLoadRewardsRequest.m */; settings = {ASSET_TAGS = (); }; };
		BAD9D05A1BB1E067001133E6 /* BranchLogoutRequest.m in Sources */ = {isa = PBXBuildFile; fileRef = BAD9D02D1BB1E067001133E6 /* BranchLogoutRequest.m */; settings = {ASSET_TAGS = (); }; };
		BAD9D05B1BB1E067001133E6 /* BranchLogRequest.m in Sources */ = {isa = PBXBuildFile; fileRef = BAD9D02F1BB1E067001133E6 /* BranchLogRequest.m */; settings = {ASSET_TAGS = (); }; };
		BAD9D05C1BB1E067001133E6 /* BranchOpenRequest.m in Sources */ = {isa = PBXBuildFile; fileRef = BAD9D0311BB1E067001133E6 /* BranchOpenRequest.m */; settings = {ASSET_TAGS = (); }; };
		BAD9D05D1BB1E067001133E6 /* BranchRedeemRewardsRequest.m in Sources */ = {isa = PBXBuildFile; fileRef = BAD9D0331BB1E067001133E6 /* BranchRedeemRewardsRequest.m */; settings = {ASSET_TAGS = (); }; };
		BAD9D05E1BB1E067001133E6 /* BranchSetIdentityRequest.m in Sources */ = {isa = PBXBuildFile; fileRef = BAD9D0351BB1E067001133E6 /* BranchSetIdentityRequest.m */; settings = {ASSET_TAGS = (); }; };
		BAD9D05F1BB1E067001133E6 /* BranchShortUrlRequest.m in Sources */ = {isa = PBXBuildFile; fileRef = BAD9D0371BB1E067001133E6 /* BranchShortUrlRequest.m */; settings = {ASSET_TAGS = (); }; };
		BAD9D0601BB1E067001133E6 /* BranchShortUrlSyncRequest.m in Sources */ = {isa = PBXBuildFile; fileRef = BAD9D0391BB1E067001133E6 /* BranchShortUrlSyncRequest.m */; settings = {ASSET_TAGS = (); }; };
		BAD9D0611BB1E067001133E6 /* BranchSpotlightUrlRequest.m in Sources */ = {isa = PBXBuildFile; fileRef = BAD9D03B1BB1E067001133E6 /* BranchSpotlightUrlRequest.m */; settings = {ASSET_TAGS = (); }; };
		BAD9D0621BB1E067001133E6 /* BranchUserCompletedActionRequest.m in Sources */ = {isa = PBXBuildFile; fileRef = BAD9D03D1BB1E067001133E6 /* BranchUserCompletedActionRequest.m */; settings = {ASSET_TAGS = (); }; };
		BAD9D0631BB1E067001133E6 /* BranchValidatePromoCodeRequest.m in Sources */ = {isa = PBXBuildFile; fileRef = BAD9D03F1BB1E067001133E6 /* BranchValidatePromoCodeRequest.m */; settings = {ASSET_TAGS = (); }; };
		BADFA9261B69488100CAF0A5 /* NuVentsEndpoint.swift in Sources */ = {isa = PBXBuildFile; fileRef = BADFA9251B69488100CAF0A5 /* NuVentsEndpoint.swift */; };
		BADFA9431B69623300CAF0A5 /* NuVentsHelper.swift in Sources */ = {isa = PBXBuildFile; fileRef = BADFA9421B69623300CAF0A5 /* NuVentsHelper.swift */; };
		BAE778561BDC31C4001E4194 /* CombinationViewUnwindSegue.swift in Sources */ = {isa = PBXBuildFile; fileRef = BAE778551BDC31C4001E4194 /* CombinationViewUnwindSegue.swift */; settings = {ASSET_TAGS = (); }; };
		BAEEDE171B6D5D3300E10ED5 /* CombinationView.swift in Sources */ = {isa = PBXBuildFile; fileRef = BAEEDE161B6D5D3300E10ED5 /* CombinationView.swift */; };
		BAEEDE191B6D5D6700E10ED5 /* CategoryView.swift in Sources */ = {isa = PBXBuildFile; fileRef = BAEEDE181B6D5D6700E10ED5 /* CategoryView.swift */; };
		BAEEDE1B1B6D5D7500E10ED5 /* ListView.swift in Sources */ = {isa = PBXBuildFile; fileRef = BAEEDE1A1B6D5D7500E10ED5 /* ListView.swift */; };
		BAEEDE1D1B6D5D8100E10ED5 /* MapView.swift in Sources */ = {isa = PBXBuildFile; fileRef = BAEEDE1C1B6D5D8100E10ED5 /* MapView.swift */; };
		BAEEDE1F1B6D5D9400E10ED5 /* DetailView.swift in Sources */ = {isa = PBXBuildFile; fileRef = BAEEDE1E1B6D5D9400E10ED5 /* DetailView.swift */; };
		BAEEDE211B6D5DA200E10ED5 /* RequestView.swift in Sources */ = {isa = PBXBuildFile; fileRef = BAEEDE201B6D5DA200E10ED5 /* RequestView.swift */; };
		BAEEDE611B7048FB00E10ED5 /* libsqlite3.dylib in Frameworks */ = {isa = PBXBuildFile; fileRef = BAEEDE601B7048FB00E10ED5 /* libsqlite3.dylib */; };
		BAEFAD4A1B4F4570003F0D0B /* Siren.bundle in Resources */ = {isa = PBXBuildFile; fileRef = BAEFAD481B4F4570003F0D0B /* Siren.bundle */; };
		BAEFAD4B1B4F4570003F0D0B /* Siren.swift in Sources */ = {isa = PBXBuildFile; fileRef = BAEFAD491B4F4570003F0D0B /* Siren.swift */; };
		BAF8B5031BAE064100AC6E97 /* YRActivityIndicator.m in Sources */ = {isa = PBXBuildFile; fileRef = BAF8B5021BAE064100AC6E97 /* YRActivityIndicator.m */; settings = {ASSET_TAGS = (); }; };
		F1D6F6231B7680960022D638 /* ListViewCell.swift in Sources */ = {isa = PBXBuildFile; fileRef = F1D6F6221B7680960022D638 /* ListViewCell.swift */; };
/* End PBXBuildFile section */

/* Begin PBXContainerItemProxy section */
		BA5B90DA1AED81F3000B1BD5 /* PBXContainerItemProxy */ = {
			isa = PBXContainerItemProxy;
			containerPortal = BA5B90BC1AED81F3000B1BD5 /* Project object */;
			proxyType = 1;
			remoteGlobalIDString = BA5B90C31AED81F3000B1BD5;
			remoteInfo = "NuVents-ios";
		};
/* End PBXContainerItemProxy section */

/* Begin PBXFileReference section */
		BA09BFBC1B6D882700138139 /* Gotham-Rounded-Bold.ttf */ = {isa = PBXFileReference; lastKnownFileType = file; path = "Gotham-Rounded-Bold.ttf"; sourceTree = "<group>"; };
		BA09BFBD1B6D882700138139 /* Gotham-Rounded-Book.ttf */ = {isa = PBXFileReference; lastKnownFileType = file; path = "Gotham-Rounded-Book.ttf"; sourceTree = "<group>"; };
		BA09BFBE1B6D882700138139 /* Gotham-Rounded-Light.ttf */ = {isa = PBXFileReference; lastKnownFileType = file; path = "Gotham-Rounded-Light.ttf"; sourceTree = "<group>"; };
		BA09BFBF1B6D882700138139 /* Gotham-Rounded-Medium.ttf */ = {isa = PBXFileReference; lastKnownFileType = file; path = "Gotham-Rounded-Medium.ttf"; sourceTree = "<group>"; };
		BA09BFC41B6D99A100138139 /* combinationViewTabBar.png */ = {isa = PBXFileReference; lastKnownFileType = image.png; path = combinationViewTabBar.png; sourceTree = "<group>"; };
		BA09BFC61B6D9CE200138139 /* URBSegmentedControl.h */ = {isa = PBXFileReference; fileEncoding = 4; lastKnownFileType = sourcecode.c.h; path = URBSegmentedControl.h; sourceTree = "<group>"; };
		BA09BFC71B6D9CE200138139 /* URBSegmentedControl.m */ = {isa = PBXFileReference; fileEncoding = 4; lastKnownFileType = sourcecode.c.objc; path = URBSegmentedControl.m; sourceTree = "<group>"; };
		BA09BFCB1B6F294100138139 /* myLocationBtn.png */ = {isa = PBXFileReference; lastKnownFileType = image.png; path = myLocationBtn.png; sourceTree = "<group>"; };
		BA09D0601B78086000138139 /* NuVentsHelperJS.js */ = {isa = PBXFileReference; fileEncoding = 4; lastKnownFileType = sourcecode.javascript; path = NuVentsHelperJS.js; sourceTree = "<group>"; };
		BA1B733F1AFFFADE00A15B77 /* location.gpx */ = {isa = PBXFileReference; fileEncoding = 4; lastKnownFileType = text; path = location.gpx; sourceTree = "<group>"; };
		BA2004491BAB9C01005DAFF9 /* share.png */ = {isa = PBXFileReference; lastKnownFileType = image.png; path = share.png; sourceTree = "<group>"; };
		BA5B90C41AED81F3000B1BD5 /* NuVents.app */ = {isa = PBXFileReference; explicitFileType = wrapper.application; includeInIndex = 0; path = NuVents.app; sourceTree = BUILT_PRODUCTS_DIR; };
		BA5B90C81AED81F3000B1BD5 /* Info.plist */ = {isa = PBXFileReference; lastKnownFileType = text.plist.xml; path = Info.plist; sourceTree = "<group>"; };
		BA5B90C91AED81F3000B1BD5 /* AppDelegate.swift */ = {isa = PBXFileReference; lastKnownFileType = sourcecode.swift; path = AppDelegate.swift; sourceTree = "<group>"; };
		BA5B90CB1AED81F3000B1BD5 /* WelcomeView.swift */ = {isa = PBXFileReference; lastKnownFileType = sourcecode.swift; path = WelcomeView.swift; sourceTree = "<group>"; };
		BA5B90CE1AED81F3000B1BD5 /* Base */ = {isa = PBXFileReference; lastKnownFileType = file.storyboard; name = Base; path = Base.lproj/Main.storyboard; sourceTree = "<group>"; };
		BA5B90D01AED81F3000B1BD5 /* Images.xcassets */ = {isa = PBXFileReference; lastKnownFileType = folder.assetcatalog; path = Images.xcassets; sourceTree = "<group>"; };
		BA5B90D31AED81F3000B1BD5 /* Base */ = {isa = PBXFileReference; lastKnownFileType = file.xib; name = Base; path = Base.lproj/LaunchScreen.xib; sourceTree = "<group>"; };
		BA5B90D91AED81F3000B1BD5 /* NuVents-iosTests.xctest */ = {isa = PBXFileReference; explicitFileType = wrapper.cfbundle; includeInIndex = 0; path = "NuVents-iosTests.xctest"; sourceTree = BUILT_PRODUCTS_DIR; };
		BA5B90DE1AED81F3000B1BD5 /* Info.plist */ = {isa = PBXFileReference; lastKnownFileType = text.plist.xml; path = Info.plist; sourceTree = "<group>"; };
		BA5B90DF1AED81F3000B1BD5 /* NuVents_iosTests.swift */ = {isa = PBXFileReference; lastKnownFileType = sourcecode.swift; path = NuVents_iosTests.swift; sourceTree = "<group>"; };
		BA5B90F11AED8525000B1BD5 /* CoreLocation.framework */ = {isa = PBXFileReference; lastKnownFileType = wrapper.framework; name = CoreLocation.framework; path = System/Library/Frameworks/CoreLocation.framework; sourceTree = SDKROOT; };
		BA5B91011AED856F000B1BD5 /* QuartzCore.framework */ = {isa = PBXFileReference; lastKnownFileType = wrapper.framework; name = QuartzCore.framework; path = System/Library/Frameworks/QuartzCore.framework; sourceTree = SDKROOT; };
		BA5B91031AED8575000B1BD5 /* SystemConfiguration.framework */ = {isa = PBXFileReference; lastKnownFileType = wrapper.framework; name = SystemConfiguration.framework; path = System/Library/Frameworks/SystemConfiguration.framework; sourceTree = SDKROOT; };
		BA5B91051AED8601000B1BD5 /* NuVents-ios-Bridging-Header.h */ = {isa = PBXFileReference; lastKnownFileType = sourcecode.c.h; path = "NuVents-ios-Bridging-Header.h"; sourceTree = "<group>"; };
		BA5D91E51B80FB2C000115BE /* CategoryViewCell.swift */ = {isa = PBXFileReference; fileEncoding = 4; lastKnownFileType = sourcecode.swift; path = CategoryViewCell.swift; sourceTree = "<group>"; };
		BA5D91E71B810090000115BE /* MapKit.framework */ = {isa = PBXFileReference; lastKnownFileType = wrapper.framework; name = MapKit.framework; path = System/Library/Frameworks/MapKit.framework; sourceTree = SDKROOT; };
		BA5D91FE1B811F4F000115BE /* MBXConstantsAndTypes.h */ = {isa = PBXFileReference; fileEncoding = 4; lastKnownFileType = sourcecode.c.h; path = MBXConstantsAndTypes.h; sourceTree = "<group>"; };
		BA5D91FF1B811F4F000115BE /* MBXMapKit.h */ = {isa = PBXFileReference; fileEncoding = 4; lastKnownFileType = sourcecode.c.h; path = MBXMapKit.h; sourceTree = "<group>"; };
		BA5D92001B811F4F000115BE /* MBXMapKit.m */ = {isa = PBXFileReference; fileEncoding = 4; lastKnownFileType = sourcecode.c.objc; path = MBXMapKit.m; sourceTree = "<group>"; };
		BA5D92011B811F4F000115BE /* MBXOfflineMapDatabase.h */ = {isa = PBXFileReference; fileEncoding = 4; lastKnownFileType = sourcecode.c.h; path = MBXOfflineMapDatabase.h; sourceTree = "<group>"; };
		BA5D92021B811F4F000115BE /* MBXOfflineMapDatabase.m */ = {isa = PBXFileReference; fileEncoding = 4; lastKnownFileType = sourcecode.c.objc; path = MBXOfflineMapDatabase.m; sourceTree = "<group>"; };
		BA5D92031B811F4F000115BE /* MBXOfflineMapDownloader.h */ = {isa = PBXFileReference; fileEncoding = 4; lastKnownFileType = sourcecode.c.h; path = MBXOfflineMapDownloader.h; sourceTree = "<group>"; };
		BA5D92041B811F4F000115BE /* MBXOfflineMapDownloader.m */ = {isa = PBXFileReference; fileEncoding = 4; lastKnownFileType = sourcecode.c.objc; path = MBXOfflineMapDownloader.m; sourceTree = "<group>"; };
		BA5D92051B811F4F000115BE /* MBXPointAnnotation.h */ = {isa = PBXFileReference; fileEncoding = 4; lastKnownFileType = sourcecode.c.h; path = MBXPointAnnotation.h; sourceTree = "<group>"; };
		BA5D92061B811F4F000115BE /* MBXPointAnnotation.m */ = {isa = PBXFileReference; fileEncoding = 4; lastKnownFileType = sourcecode.c.objc; path = MBXPointAnnotation.m; sourceTree = "<group>"; };
		BA5D92071B811F4F000115BE /* MBXRasterTileOverlay.h */ = {isa = PBXFileReference; fileEncoding = 4; lastKnownFileType = sourcecode.c.h; path = MBXRasterTileOverlay.h; sourceTree = "<group>"; };
		BA5D92081B811F4F000115BE /* MBXRasterTileOverlay.m */ = {isa = PBXFileReference; fileEncoding = 4; lastKnownFileType = sourcecode.c.objc; path = MBXRasterTileOverlay.m; sourceTree = "<group>"; };
		BA5D92091B811F4F000115BE /* MBXRasterTileRenderer.h */ = {isa = PBXFileReference; fileEncoding = 4; lastKnownFileType = sourcecode.c.h; path = MBXRasterTileRenderer.h; sourceTree = "<group>"; };
		BA5D920A1B811F4F000115BE /* MBXRasterTileRenderer.m */ = {isa = PBXFileReference; fileEncoding = 4; lastKnownFileType = sourcecode.c.objc; path = MBXRasterTileRenderer.m; sourceTree = "<group>"; };
		BA5D92171B81906C000115BE /* MapViewAnnotationView.h */ = {isa = PBXFileReference; fileEncoding = 4; lastKnownFileType = sourcecode.c.h; path = MapViewAnnotationView.h; sourceTree = "<group>"; };
		BA5D92181B81906C000115BE /* MapViewAnnotationView.m */ = {isa = PBXFileReference; fileEncoding = 4; lastKnownFileType = sourcecode.c.objc; path = MapViewAnnotationView.m; sourceTree = "<group>"; };
		BA5D921A1B8254E8000115BE /* SMCalloutView.h */ = {isa = PBXFileReference; fileEncoding = 4; lastKnownFileType = sourcecode.c.h; path = SMCalloutView.h; sourceTree = "<group>"; };
		BA5D921B1B8254E8000115BE /* SMCalloutView.m */ = {isa = PBXFileReference; fileEncoding = 4; lastKnownFileType = sourcecode.c.objc; path = SMCalloutView.m; sourceTree = "<group>"; };
		BA79AD2A1BAC998B00B64493 /* SocketAckEmitter.swift */ = {isa = PBXFileReference; fileEncoding = 4; lastKnownFileType = sourcecode.swift; path = SocketAckEmitter.swift; sourceTree = "<group>"; };
		BA79AD2B1BAC998B00B64493 /* SocketAckManager.swift */ = {isa = PBXFileReference; fileEncoding = 4; lastKnownFileType = sourcecode.swift; path = SocketAckManager.swift; sourceTree = "<group>"; };
		BA79AD2C1BAC998B00B64493 /* SocketAnyEvent.swift */ = {isa = PBXFileReference; fileEncoding = 4; lastKnownFileType = sourcecode.swift; path = SocketAnyEvent.swift; sourceTree = "<group>"; };
		BA79AD2D1BAC998B00B64493 /* SocketEngine.swift */ = {isa = PBXFileReference; fileEncoding = 4; lastKnownFileType = sourcecode.swift; path = SocketEngine.swift; sourceTree = "<group>"; };
		BA79AD2E1BAC998B00B64493 /* SocketEngineClient.swift */ = {isa = PBXFileReference; fileEncoding = 4; lastKnownFileType = sourcecode.swift; path = SocketEngineClient.swift; sourceTree = "<group>"; };
		BA79AD2F1BAC998B00B64493 /* SocketEventHandler.swift */ = {isa = PBXFileReference; fileEncoding = 4; lastKnownFileType = sourcecode.swift; path = SocketEventHandler.swift; sourceTree = "<group>"; };
		BA79AD301BAC998B00B64493 /* SocketFixUTF8.swift */ = {isa = PBXFileReference; fileEncoding = 4; lastKnownFileType = sourcecode.swift; path = SocketFixUTF8.swift; sourceTree = "<group>"; };
		BA79AD311BAC998B00B64493 /* SocketIOClient.swift */ = {isa = PBXFileReference; fileEncoding = 4; lastKnownFileType = sourcecode.swift; path = SocketIOClient.swift; sourceTree = "<group>"; };
		BA79AD321BAC998B00B64493 /* SocketIOClientStatus.swift */ = {isa = PBXFileReference; fileEncoding = 4; lastKnownFileType = sourcecode.swift; path = SocketIOClientStatus.swift; sourceTree = "<group>"; };
		BA79AD331BAC998B00B64493 /* SocketLogger.swift */ = {isa = PBXFileReference; fileEncoding = 4; lastKnownFileType = sourcecode.swift; path = SocketLogger.swift; sourceTree = "<group>"; };
		BA79AD341BAC998B00B64493 /* SocketPacket.swift */ = {isa = PBXFileReference; fileEncoding = 4; lastKnownFileType = sourcecode.swift; path = SocketPacket.swift; sourceTree = "<group>"; };
		BA79AD351BAC998B00B64493 /* SocketParser.swift */ = {isa = PBXFileReference; fileEncoding = 4; lastKnownFileType = sourcecode.swift; path = SocketParser.swift; sourceTree = "<group>"; };
		BA79AD361BAC998B00B64493 /* SocketStringReader.swift */ = {isa = PBXFileReference; fileEncoding = 4; lastKnownFileType = sourcecode.swift; path = SocketStringReader.swift; sourceTree = "<group>"; };
		BA79AD371BAC998B00B64493 /* SocketTypes.swift */ = {isa = PBXFileReference; fileEncoding = 4; lastKnownFileType = sourcecode.swift; path = SocketTypes.swift; sourceTree = "<group>"; };
		BA79AD381BAC998B00B64493 /* SwiftRegex.swift */ = {isa = PBXFileReference; fileEncoding = 4; lastKnownFileType = sourcecode.swift; path = SwiftRegex.swift; sourceTree = "<group>"; };
		BA79AD391BAC998B00B64493 /* WebSocket.swift */ = {isa = PBXFileReference; fileEncoding = 4; lastKnownFileType = sourcecode.swift; path = WebSocket.swift; sourceTree = "<group>"; };
		BA8D1B471BAE6A0B009B3DC9 /* RequestIllustration1.png */ = {isa = PBXFileReference; lastKnownFileType = image.png; path = RequestIllustration1.png; sourceTree = "<group>"; };
		BA8D1B491BAE6A11009B3DC9 /* OnboardIllustration3.png */ = {isa = PBXFileReference; lastKnownFileType = image.png; path = OnboardIllustration3.png; sourceTree = "<group>"; };
		BA8D1B4B1BAE6A16009B3DC9 /* OnboardIllustration2.png */ = {isa = PBXFileReference; lastKnownFileType = image.png; path = OnboardIllustration2.png; sourceTree = "<group>"; };
		BA8D1B4D1BAE6A1D009B3DC9 /* OnboardIllustration1.png */ = {isa = PBXFileReference; lastKnownFileType = image.png; path = OnboardIllustration1.png; sourceTree = "<group>"; };
		BA90B6121B19018400C3E3D8 /* NuVents_SplashScreen.png */ = {isa = PBXFileReference; lastKnownFileType = image.png; path = NuVents_SplashScreen.png; sourceTree = "<group>"; };
		BA90B6151B1D211D00C3E3D8 /* Fabric.framework */ = {isa = PBXFileReference; lastKnownFileType = wrapper.framework; path = Fabric.framework; sourceTree = "<group>"; };
		BA90B6161B1D211D00C3E3D8 /* Crashlytics.framework */ = {isa = PBXFileReference; lastKnownFileType = wrapper.framework; path = Crashlytics.framework; sourceTree = "<group>"; };
		BA9D112D1AF0148900C07FD3 /* SwiftyJSON.swift */ = {isa = PBXFileReference; fileEncoding = 4; lastKnownFileType = sourcecode.swift; path = SwiftyJSON.swift; sourceTree = "<group>"; };
		BAA63BB91BBB97E6003CC769 /* refresh.png */ = {isa = PBXFileReference; lastKnownFileType = image.png; path = refresh.png; sourceTree = "<group>"; };
		BAA63BBB1BBBB88F003CC769 /* CZPickerView.h */ = {isa = PBXFileReference; fileEncoding = 4; lastKnownFileType = sourcecode.c.h; path = CZPickerView.h; sourceTree = "<group>"; };
		BAA63BBC1BBBB890003CC769 /* CZPickerView.m */ = {isa = PBXFileReference; fileEncoding = 4; lastKnownFileType = sourcecode.c.objc; path = CZPickerView.m; sourceTree = "<group>"; };
		BAAE257A1BACFD6500813086 /* ListFilter.swift */ = {isa = PBXFileReference; fileEncoding = 4; lastKnownFileType = sourcecode.swift; path = ListFilter.swift; sourceTree = "<group>"; };
		BAAE257C1BACFD7700813086 /* MapFilter.swift */ = {isa = PBXFileReference; fileEncoding = 4; lastKnownFileType = sourcecode.swift; path = MapFilter.swift; sourceTree = "<group>"; };
		BAAEFAD41B827EE200561664 /* Mapbox_Logo.png */ = {isa = PBXFileReference; lastKnownFileType = image.png; path = Mapbox_Logo.png; sourceTree = "<group>"; };
		BAAEFAFA1B88304A00561664 /* DetailViewSegue.swift */ = {isa = PBXFileReference; fileEncoding = 4; lastKnownFileType = sourcecode.swift; path = DetailViewSegue.swift; sourceTree = "<group>"; };
		BAAEFAFD1B88309800561664 /* DetailViewUnwindSegue.swift */ = {isa = PBXFileReference; fileEncoding = 4; lastKnownFileType = sourcecode.swift; path = DetailViewUnwindSegue.swift; sourceTree = "<group>"; };
		BAAEFAFF1B8841E400561664 /* CombinationViewSegue.swift */ = {isa = PBXFileReference; fileEncoding = 4; lastKnownFileType = sourcecode.swift; path = CombinationViewSegue.swift; sourceTree = "<group>"; };
		BAAEFB011B88F1D100561664 /* RequestViewSegue.swift */ = {isa = PBXFileReference; fileEncoding = 4; lastKnownFileType = sourcecode.swift; path = RequestViewSegue.swift; sourceTree = "<group>"; };
		BAAEFB031B88F1DD00561664 /* RequestViewUnwindSegue.swift */ = {isa = PBXFileReference; fileEncoding = 4; lastKnownFileType = sourcecode.swift; path = RequestViewUnwindSegue.swift; sourceTree = "<group>"; };
		BAD9CFF41BB1E067001133E6 /* BNCConfig.h */ = {isa = PBXFileReference; fileEncoding = 4; lastKnownFileType = sourcecode.c.h; path = BNCConfig.h; sourceTree = "<group>"; };
		BAD9CFF51BB1E067001133E6 /* BNCContentDiscoveryManager.h */ = {isa = PBXFileReference; fileEncoding = 4; lastKnownFileType = sourcecode.c.h; path = BNCContentDiscoveryManager.h; sourceTree = "<group>"; };
		BAD9CFF61BB1E067001133E6 /* BNCContentDiscoveryManager.m */ = {isa = PBXFileReference; fileEncoding = 4; lastKnownFileType = sourcecode.c.objc; path = BNCContentDiscoveryManager.m; sourceTree = "<group>"; };
		BAD9CFF71BB1E067001133E6 /* BNCEncodingUtils.h */ = {isa = PBXFileReference; fileEncoding = 4; lastKnownFileType = sourcecode.c.h; path = BNCEncodingUtils.h; sourceTree = "<group>"; };
		BAD9CFF81BB1E067001133E6 /* BNCEncodingUtils.m */ = {isa = PBXFileReference; fileEncoding = 4; lastKnownFileType = sourcecode.c.objc; path = BNCEncodingUtils.m; sourceTree = "<group>"; };
		BAD9CFF91BB1E067001133E6 /* BNCError.h */ = {isa = PBXFileReference; fileEncoding = 4; lastKnownFileType = sourcecode.c.h; path = BNCError.h; sourceTree = "<group>"; };
		BAD9CFFA1BB1E067001133E6 /* BNCError.m */ = {isa = PBXFileReference; fileEncoding = 4; lastKnownFileType = sourcecode.c.objc; path = BNCError.m; sourceTree = "<group>"; };
		BAD9CFFB1BB1E067001133E6 /* BNCLinkCache.h */ = {isa = PBXFileReference; fileEncoding = 4; lastKnownFileType = sourcecode.c.h; path = BNCLinkCache.h; sourceTree = "<group>"; };
		BAD9CFFC1BB1E067001133E6 /* BNCLinkCache.m */ = {isa = PBXFileReference; fileEncoding = 4; lastKnownFileType = sourcecode.c.objc; path = BNCLinkCache.m; sourceTree = "<group>"; };
		BAD9CFFD1BB1E067001133E6 /* BNCLinkData.h */ = {isa = PBXFileReference; fileEncoding = 4; lastKnownFileType = sourcecode.c.h; path = BNCLinkData.h; sourceTree = "<group>"; };
		BAD9CFFE1BB1E067001133E6 /* BNCLinkData.m */ = {isa = PBXFileReference; fileEncoding = 4; lastKnownFileType = sourcecode.c.objc; path = BNCLinkData.m; sourceTree = "<group>"; };
		BAD9CFFF1BB1E067001133E6 /* BNCPreferenceHelper.h */ = {isa = PBXFileReference; fileEncoding = 4; lastKnownFileType = sourcecode.c.h; path = BNCPreferenceHelper.h; sourceTree = "<group>"; };
		BAD9D0001BB1E067001133E6 /* BNCPreferenceHelper.m */ = {isa = PBXFileReference; fileEncoding = 4; lastKnownFileType = sourcecode.c.objc; path = BNCPreferenceHelper.m; sourceTree = "<group>"; };
		BAD9D0011BB1E067001133E6 /* BNCServerInterface.h */ = {isa = PBXFileReference; fileEncoding = 4; lastKnownFileType = sourcecode.c.h; path = BNCServerInterface.h; sourceTree = "<group>"; };
		BAD9D0021BB1E067001133E6 /* BNCServerInterface.m */ = {isa = PBXFileReference; fileEncoding = 4; lastKnownFileType = sourcecode.c.objc; path = BNCServerInterface.m; sourceTree = "<group>"; };
		BAD9D0031BB1E067001133E6 /* BNCServerRequestQueue.h */ = {isa = PBXFileReference; fileEncoding = 4; lastKnownFileType = sourcecode.c.h; path = BNCServerRequestQueue.h; sourceTree = "<group>"; };
		BAD9D0041BB1E067001133E6 /* BNCServerRequestQueue.m */ = {isa = PBXFileReference; fileEncoding = 4; lastKnownFileType = sourcecode.c.objc; path = BNCServerRequestQueue.m; sourceTree = "<group>"; };
		BAD9D0051BB1E067001133E6 /* BNCServerResponse.h */ = {isa = PBXFileReference; fileEncoding = 4; lastKnownFileType = sourcecode.c.h; path = BNCServerResponse.h; sourceTree = "<group>"; };
		BAD9D0061BB1E067001133E6 /* BNCServerResponse.m */ = {isa = PBXFileReference; fileEncoding = 4; lastKnownFileType = sourcecode.c.objc; path = BNCServerResponse.m; sourceTree = "<group>"; };
		BAD9D0071BB1E067001133E6 /* BNCStrongMatchHelper.h */ = {isa = PBXFileReference; fileEncoding = 4; lastKnownFileType = sourcecode.c.h; path = BNCStrongMatchHelper.h; sourceTree = "<group>"; };
		BAD9D0081BB1E067001133E6 /* BNCStrongMatchHelper.m */ = {isa = PBXFileReference; fileEncoding = 4; lastKnownFileType = sourcecode.c.objc; path = BNCStrongMatchHelper.m; sourceTree = "<group>"; };
		BAD9D0091BB1E067001133E6 /* BNCSystemObserver.h */ = {isa = PBXFileReference; fileEncoding = 4; lastKnownFileType = sourcecode.c.h; path = BNCSystemObserver.h; sourceTree = "<group>"; };
		BAD9D00A1BB1E067001133E6 /* BNCSystemObserver.m */ = {isa = PBXFileReference; fileEncoding = 4; lastKnownFileType = sourcecode.c.objc; path = BNCSystemObserver.m; sourceTree = "<group>"; };
		BAD9D00B1BB1E067001133E6 /* Branch-SDK-Prefix.pch */ = {isa = PBXFileReference; fileEncoding = 4; lastKnownFileType = sourcecode.c.h; path = "Branch-SDK-Prefix.pch"; sourceTree = "<group>"; };
		BAD9D00C1BB1E067001133E6 /* Branch.h */ = {isa = PBXFileReference; fileEncoding = 4; lastKnownFileType = sourcecode.c.h; path = Branch.h; sourceTree = "<group>"; };
		BAD9D00D1BB1E067001133E6 /* Branch.m */ = {isa = PBXFileReference; fileEncoding = 4; lastKnownFileType = sourcecode.c.objc; path = Branch.m; sourceTree = "<group>"; };
		BAD9D00E1BB1E067001133E6 /* BranchActivityItemProvider.h */ = {isa = PBXFileReference; fileEncoding = 4; lastKnownFileType = sourcecode.c.h; path = BranchActivityItemProvider.h; sourceTree = "<group>"; };
		BAD9D00F1BB1E067001133E6 /* BranchActivityItemProvider.m */ = {isa = PBXFileReference; fileEncoding = 4; lastKnownFileType = sourcecode.c.objc; path = BranchActivityItemProvider.m; sourceTree = "<group>"; };
		BAD9D0101BB1E067001133E6 /* BranchConstants.h */ = {isa = PBXFileReference; fileEncoding = 4; lastKnownFileType = sourcecode.c.h; path = BranchConstants.h; sourceTree = "<group>"; };
		BAD9D0111BB1E067001133E6 /* BranchConstants.m */ = {isa = PBXFileReference; fileEncoding = 4; lastKnownFileType = sourcecode.c.objc; path = BranchConstants.m; sourceTree = "<group>"; };
		BAD9D0121BB1E067001133E6 /* BranchCSSearchableItemAttributeSet.h */ = {isa = PBXFileReference; fileEncoding = 4; lastKnownFileType = sourcecode.c.h; path = BranchCSSearchableItemAttributeSet.h; sourceTree = "<group>"; };
		BAD9D0131BB1E067001133E6 /* BranchCSSearchableItemAttributeSet.m */ = {isa = PBXFileReference; fileEncoding = 4; lastKnownFileType = sourcecode.c.objc; path = BranchCSSearchableItemAttributeSet.m; sourceTree = "<group>"; };
		BAD9D0141BB1E067001133E6 /* BranchDeepLinkingController.h */ = {isa = PBXFileReference; fileEncoding = 4; lastKnownFileType = sourcecode.c.h; path = BranchDeepLinkingController.h; sourceTree = "<group>"; };
		BAD9D0161BB1E067001133E6 /* BNCDebugRequest.h */ = {isa = PBXFileReference; fileEncoding = 4; lastKnownFileType = sourcecode.c.h; path = BNCDebugRequest.h; sourceTree = "<group>"; };
		BAD9D0171BB1E067001133E6 /* BNCDebugRequest.m */ = {isa = PBXFileReference; fileEncoding = 4; lastKnownFileType = sourcecode.c.objc; path = BNCDebugRequest.m; sourceTree = "<group>"; };
		BAD9D0181BB1E067001133E6 /* BNCServerRequest.h */ = {isa = PBXFileReference; fileEncoding = 4; lastKnownFileType = sourcecode.c.h; path = BNCServerRequest.h; sourceTree = "<group>"; };
		BAD9D0191BB1E067001133E6 /* BNCServerRequest.m */ = {isa = PBXFileReference; fileEncoding = 4; lastKnownFileType = sourcecode.c.objc; path = BNCServerRequest.m; sourceTree = "<group>"; };
		BAD9D01A1BB1E067001133E6 /* BranchApplyPromoCodeRequest.h */ = {isa = PBXFileReference; fileEncoding = 4; lastKnownFileType = sourcecode.c.h; path = BranchApplyPromoCodeRequest.h; sourceTree = "<group>"; };
		BAD9D01B1BB1E067001133E6 /* BranchApplyPromoCodeRequest.m */ = {isa = PBXFileReference; fileEncoding = 4; lastKnownFileType = sourcecode.c.objc; path = BranchApplyPromoCodeRequest.m; sourceTree = "<group>"; };
		BAD9D01C1BB1E067001133E6 /* BranchCloseRequest.h */ = {isa = PBXFileReference; fileEncoding = 4; lastKnownFileType = sourcecode.c.h; path = BranchCloseRequest.h; sourceTree = "<group>"; };
		BAD9D01D1BB1E067001133E6 /* BranchCloseRequest.m */ = {isa = PBXFileReference; fileEncoding = 4; lastKnownFileType = sourcecode.c.objc; path = BranchCloseRequest.m; sourceTree = "<group>"; };
		BAD9D01E1BB1E067001133E6 /* BranchConnectDebugRequest.h */ = {isa = PBXFileReference; fileEncoding = 4; lastKnownFileType = sourcecode.c.h; path = BranchConnectDebugRequest.h; sourceTree = "<group>"; };
		BAD9D01F1BB1E067001133E6 /* BranchConnectDebugRequest.m */ = {isa = PBXFileReference; fileEncoding = 4; lastKnownFileType = sourcecode.c.objc; path = BranchConnectDebugRequest.m; sourceTree = "<group>"; };
		BAD9D0201BB1E067001133E6 /* BranchCreditHistoryRequest.h */ = {isa = PBXFileReference; fileEncoding = 4; lastKnownFileType = sourcecode.c.h; path = BranchCreditHistoryRequest.h; sourceTree = "<group>"; };
		BAD9D0211BB1E067001133E6 /* BranchCreditHistoryRequest.m */ = {isa = PBXFileReference; fileEncoding = 4; lastKnownFileType = sourcecode.c.objc; path = BranchCreditHistoryRequest.m; sourceTree = "<group>"; };
		BAD9D0221BB1E067001133E6 /* BranchDisconnectDebugRequest.h */ = {isa = PBXFileReference; fileEncoding = 4; lastKnownFileType = sourcecode.c.h; path = BranchDisconnectDebugRequest.h; sourceTree = "<group>"; };
		BAD9D0231BB1E067001133E6 /* BranchDisconnectDebugRequest.m */ = {isa = PBXFileReference; fileEncoding = 4; lastKnownFileType = sourcecode.c.objc; path = BranchDisconnectDebugRequest.m; sourceTree = "<group>"; };
		BAD9D0241BB1E067001133E6 /* BranchGetPromoCodeRequest.h */ = {isa = PBXFileReference; fileEncoding = 4; lastKnownFileType = sourcecode.c.h; path = BranchGetPromoCodeRequest.h; sourceTree = "<group>"; };
		BAD9D0251BB1E067001133E6 /* BranchGetPromoCodeRequest.m */ = {isa = PBXFileReference; fileEncoding = 4; lastKnownFileType = sourcecode.c.objc; path = BranchGetPromoCodeRequest.m; sourceTree = "<group>"; };
		BAD9D0261BB1E067001133E6 /* BranchInstallRequest.h */ = {isa = PBXFileReference; fileEncoding = 4; lastKnownFileType = sourcecode.c.h; path = BranchInstallRequest.h; sourceTree = "<group>"; };
		BAD9D0271BB1E067001133E6 /* BranchInstallRequest.m */ = {isa = PBXFileReference; fileEncoding = 4; lastKnownFileType = sourcecode.c.objc; path = BranchInstallRequest.m; sourceTree = "<group>"; };
		BAD9D0281BB1E067001133E6 /* BranchLoadActionsRequest.h */ = {isa = PBXFileReference; fileEncoding = 4; lastKnownFileType = sourcecode.c.h; path = BranchLoadActionsRequest.h; sourceTree = "<group>"; };
		BAD9D0291BB1E067001133E6 /* BranchLoadActionsRequest.m */ = {isa = PBXFileReference; fileEncoding = 4; lastKnownFileType = sourcecode.c.objc; path = BranchLoadActionsRequest.m; sourceTree = "<group>"; };
		BAD9D02A1BB1E067001133E6 /* BranchLoadRewardsRequest.h */ = {isa = PBXFileReference; fileEncoding = 4; lastKnownFileType = sourcecode.c.h; path = BranchLoadRewardsRequest.h; sourceTree = "<group>"; };
		BAD9D02B1BB1E067001133E6 /* BranchLoadRewardsRequest.m */ = {isa = PBXFileReference; fileEncoding = 4; lastKnownFileType = sourcecode.c.objc; path = BranchLoadRewardsRequest.m; sourceTree = "<group>"; };
		BAD9D02C1BB1E067001133E6 /* BranchLogoutRequest.h */ = {isa = PBXFileReference; fileEncoding = 4; lastKnownFileType = sourcecode.c.h; path = BranchLogoutRequest.h; sourceTree = "<group>"; };
		BAD9D02D1BB1E067001133E6 /* BranchLogoutRequest.m */ = {isa = PBXFileReference; fileEncoding = 4; lastKnownFileType = sourcecode.c.objc; path = BranchLogoutRequest.m; sourceTree = "<group>"; };
		BAD9D02E1BB1E067001133E6 /* BranchLogRequest.h */ = {isa = PBXFileReference; fileEncoding = 4; lastKnownFileType = sourcecode.c.h; path = BranchLogRequest.h; sourceTree = "<group>"; };
		BAD9D02F1BB1E067001133E6 /* BranchLogRequest.m */ = {isa = PBXFileReference; fileEncoding = 4; lastKnownFileType = sourcecode.c.objc; path = BranchLogRequest.m; sourceTree = "<group>"; };
		BAD9D0301BB1E067001133E6 /* BranchOpenRequest.h */ = {isa = PBXFileReference; fileEncoding = 4; lastKnownFileType = sourcecode.c.h; path = BranchOpenRequest.h; sourceTree = "<group>"; };
		BAD9D0311BB1E067001133E6 /* BranchOpenRequest.m */ = {isa = PBXFileReference; fileEncoding = 4; lastKnownFileType = sourcecode.c.objc; path = BranchOpenRequest.m; sourceTree = "<group>"; };
		BAD9D0321BB1E067001133E6 /* BranchRedeemRewardsRequest.h */ = {isa = PBXFileReference; fileEncoding = 4; lastKnownFileType = sourcecode.c.h; path = BranchRedeemRewardsRequest.h; sourceTree = "<group>"; };
		BAD9D0331BB1E067001133E6 /* BranchRedeemRewardsRequest.m */ = {isa = PBXFileReference; fileEncoding = 4; lastKnownFileType = sourcecode.c.objc; path = BranchRedeemRewardsRequest.m; sourceTree = "<group>"; };
		BAD9D0341BB1E067001133E6 /* BranchSetIdentityRequest.h */ = {isa = PBXFileReference; fileEncoding = 4; lastKnownFileType = sourcecode.c.h; path = BranchSetIdentityRequest.h; sourceTree = "<group>"; };
		BAD9D0351BB1E067001133E6 /* BranchSetIdentityRequest.m */ = {isa = PBXFileReference; fileEncoding = 4; lastKnownFileType = sourcecode.c.objc; path = BranchSetIdentityRequest.m; sourceTree = "<group>"; };
		BAD9D0361BB1E067001133E6 /* BranchShortUrlRequest.h */ = {isa = PBXFileReference; fileEncoding = 4; lastKnownFileType = sourcecode.c.h; path = BranchShortUrlRequest.h; sourceTree = "<group>"; };
		BAD9D0371BB1E067001133E6 /* BranchShortUrlRequest.m */ = {isa = PBXFileReference; fileEncoding = 4; lastKnownFileType = sourcecode.c.objc; path = BranchShortUrlRequest.m; sourceTree = "<group>"; };
		BAD9D0381BB1E067001133E6 /* BranchShortUrlSyncRequest.h */ = {isa = PBXFileReference; fileEncoding = 4; lastKnownFileType = sourcecode.c.h; path = BranchShortUrlSyncRequest.h; sourceTree = "<group>"; };
		BAD9D0391BB1E067001133E6 /* BranchShortUrlSyncRequest.m */ = {isa = PBXFileReference; fileEncoding = 4; lastKnownFileType = sourcecode.c.objc; path = BranchShortUrlSyncRequest.m; sourceTree = "<group>"; };
		BAD9D03A1BB1E067001133E6 /* BranchSpotlightUrlRequest.h */ = {isa = PBXFileReference; fileEncoding = 4; lastKnownFileType = sourcecode.c.h; path = BranchSpotlightUrlRequest.h; sourceTree = "<group>"; };
		BAD9D03B1BB1E067001133E6 /* BranchSpotlightUrlRequest.m */ = {isa = PBXFileReference; fileEncoding = 4; lastKnownFileType = sourcecode.c.objc; path = BranchSpotlightUrlRequest.m; sourceTree = "<group>"; };
		BAD9D03C1BB1E067001133E6 /* BranchUserCompletedActionRequest.h */ = {isa = PBXFileReference; fileEncoding = 4; lastKnownFileType = sourcecode.c.h; path = BranchUserCompletedActionRequest.h; sourceTree = "<group>"; };
		BAD9D03D1BB1E067001133E6 /* BranchUserCompletedActionRequest.m */ = {isa = PBXFileReference; fileEncoding = 4; lastKnownFileType = sourcecode.c.objc; path = BranchUserCompletedActionRequest.m; sourceTree = "<group>"; };
		BAD9D03E1BB1E067001133E6 /* BranchValidatePromoCodeRequest.h */ = {isa = PBXFileReference; fileEncoding = 4; lastKnownFileType = sourcecode.c.h; path = BranchValidatePromoCodeRequest.h; sourceTree = "<group>"; };
		BAD9D03F1BB1E067001133E6 /* BranchValidatePromoCodeRequest.m */ = {isa = PBXFileReference; fileEncoding = 4; lastKnownFileType = sourcecode.c.objc; path = BranchValidatePromoCodeRequest.m; sourceTree = "<group>"; };
		BADFA9251B69488100CAF0A5 /* NuVentsEndpoint.swift */ = {isa = PBXFileReference; fileEncoding = 4; lastKnownFileType = sourcecode.swift; path = NuVentsEndpoint.swift; sourceTree = "<group>"; };
		BADFA9421B69623300CAF0A5 /* NuVentsHelper.swift */ = {isa = PBXFileReference; fileEncoding = 4; lastKnownFileType = sourcecode.swift; path = NuVentsHelper.swift; sourceTree = "<group>"; };
		BAE778551BDC31C4001E4194 /* CombinationViewUnwindSegue.swift */ = {isa = PBXFileReference; fileEncoding = 4; lastKnownFileType = sourcecode.swift; path = CombinationViewUnwindSegue.swift; sourceTree = "<group>"; };
		BAEEDE161B6D5D3300E10ED5 /* CombinationView.swift */ = {isa = PBXFileReference; fileEncoding = 4; lastKnownFileType = sourcecode.swift; path = CombinationView.swift; sourceTree = "<group>"; };
		BAEEDE181B6D5D6700E10ED5 /* CategoryView.swift */ = {isa = PBXFileReference; fileEncoding = 4; lastKnownFileType = sourcecode.swift; path = CategoryView.swift; sourceTree = "<group>"; };
		BAEEDE1A1B6D5D7500E10ED5 /* ListView.swift */ = {isa = PBXFileReference; fileEncoding = 4; lastKnownFileType = sourcecode.swift; path = ListView.swift; sourceTree = "<group>"; };
		BAEEDE1C1B6D5D8100E10ED5 /* MapView.swift */ = {isa = PBXFileReference; fileEncoding = 4; lastKnownFileType = sourcecode.swift; path = MapView.swift; sourceTree = "<group>"; };
		BAEEDE1E1B6D5D9400E10ED5 /* DetailView.swift */ = {isa = PBXFileReference; fileEncoding = 4; lastKnownFileType = sourcecode.swift; path = DetailView.swift; sourceTree = "<group>"; };
		BAEEDE201B6D5DA200E10ED5 /* RequestView.swift */ = {isa = PBXFileReference; fileEncoding = 4; lastKnownFileType = sourcecode.swift; path = RequestView.swift; sourceTree = "<group>"; };
		BAEEDE601B7048FB00E10ED5 /* libsqlite3.dylib */ = {isa = PBXFileReference; lastKnownFileType = "compiled.mach-o.dylib"; name = libsqlite3.dylib; path = usr/lib/libsqlite3.dylib; sourceTree = SDKROOT; };
		BAEFAD481B4F4570003F0D0B /* Siren.bundle */ = {isa = PBXFileReference; lastKnownFileType = "wrapper.plug-in"; path = Siren.bundle; sourceTree = "<group>"; };
		BAEFAD491B4F4570003F0D0B /* Siren.swift */ = {isa = PBXFileReference; fileEncoding = 4; lastKnownFileType = sourcecode.swift; path = Siren.swift; sourceTree = "<group>"; };
		BAF8B5011BAE064100AC6E97 /* YRActivityIndicator.h */ = {isa = PBXFileReference; fileEncoding = 4; lastKnownFileType = sourcecode.c.h; path = YRActivityIndicator.h; sourceTree = "<group>"; };
		BAF8B5021BAE064100AC6E97 /* YRActivityIndicator.m */ = {isa = PBXFileReference; fileEncoding = 4; lastKnownFileType = sourcecode.c.objc; path = YRActivityIndicator.m; sourceTree = "<group>"; };
		F1D6F6221B7680960022D638 /* ListViewCell.swift */ = {isa = PBXFileReference; fileEncoding = 4; lastKnownFileType = sourcecode.swift; path = ListViewCell.swift; sourceTree = "<group>"; };
/* End PBXFileReference section */

/* Begin PBXFrameworksBuildPhase section */
		BA5B90C11AED81F3000B1BD5 /* Frameworks */ = {
			isa = PBXFrameworksBuildPhase;
			buildActionMask = 2147483647;
			files = (
				BAEEDE611B7048FB00E10ED5 /* libsqlite3.dylib in Frameworks */,
				BA5B91041AED8575000B1BD5 /* SystemConfiguration.framework in Frameworks */,
				BA90B6181B1D211D00C3E3D8 /* Crashlytics.framework in Frameworks */,
				BA5B91021AED856F000B1BD5 /* QuartzCore.framework in Frameworks */,
				BA5D91E81B810090000115BE /* MapKit.framework in Frameworks */,
				BA90B6171B1D211D00C3E3D8 /* Fabric.framework in Frameworks */,
				BA5B90F21AED8525000B1BD5 /* CoreLocation.framework in Frameworks */,
			);
			runOnlyForDeploymentPostprocessing = 0;
		};
		BA5B90D61AED81F3000B1BD5 /* Frameworks */ = {
			isa = PBXFrameworksBuildPhase;
			buildActionMask = 2147483647;
			files = (
			);
			runOnlyForDeploymentPostprocessing = 0;
		};
/* End PBXFrameworksBuildPhase section */

/* Begin PBXGroup section */
		BA09BFBB1B6D87C300138139 /* Fonts */ = {
			isa = PBXGroup;
			children = (
				BA09BFBC1B6D882700138139 /* Gotham-Rounded-Bold.ttf */,
				BA09BFBD1B6D882700138139 /* Gotham-Rounded-Book.ttf */,
				BA09BFBE1B6D882700138139 /* Gotham-Rounded-Light.ttf */,
				BA09BFBF1B6D882700138139 /* Gotham-Rounded-Medium.ttf */,
			);
			name = Fonts;
			sourceTree = "<group>";
		};
		BA5B90BB1AED81F3000B1BD5 = {
			isa = PBXGroup;
			children = (
				BA5D91E71B810090000115BE /* MapKit.framework */,
				BAEEDE601B7048FB00E10ED5 /* libsqlite3.dylib */,
				BA1B733F1AFFFADE00A15B77 /* location.gpx */,
				BA5B91031AED8575000B1BD5 /* SystemConfiguration.framework */,
				BA5B91011AED856F000B1BD5 /* QuartzCore.framework */,
				BA5B90F11AED8525000B1BD5 /* CoreLocation.framework */,
				BA5B90C61AED81F3000B1BD5 /* NuVents-ios */,
				BA5B90DC1AED81F3000B1BD5 /* NuVents-iosTests */,
				BA5B90C51AED81F3000B1BD5 /* Products */,
			);
			sourceTree = "<group>";
		};
		BA5B90C51AED81F3000B1BD5 /* Products */ = {
			isa = PBXGroup;
			children = (
				BA5B90C41AED81F3000B1BD5 /* NuVents.app */,
				BA5B90D91AED81F3000B1BD5 /* NuVents-iosTests.xctest */,
			);
			name = Products;
			sourceTree = "<group>";
		};
		BA5B90C61AED81F3000B1BD5 /* NuVents-ios */ = {
			isa = PBXGroup;
			children = (
				BA8E59601B2A543700D6AB86 /* Graphics */,
				BA90B6151B1D211D00C3E3D8 /* Fabric.framework */,
				BA90B6161B1D211D00C3E3D8 /* Crashlytics.framework */,
				BA9D112D1AF0148900C07FD3 /* SwiftyJSON.swift */,
				BA09BFC61B6D9CE200138139 /* URBSegmentedControl.h */,
				BA09BFC71B6D9CE200138139 /* URBSegmentedControl.m */,
				BAA63BBB1BBBB88F003CC769 /* CZPickerView.h */,
				BAA63BBC1BBBB890003CC769 /* CZPickerView.m */,
				BA5D921A1B8254E8000115BE /* SMCalloutView.h */,
				BA5D921B1B8254E8000115BE /* SMCalloutView.m */,
				BAD9CFF21BB1E067001133E6 /* Branch-SDK */,
				BAF8B5001BAE064100AC6E97 /* YRActivityIndicator */,
				BA79AD291BAC998B00B64493 /* SocketIOClientSwift */,
				BA5D91FD1B811F4F000115BE /* MBXMapKit */,
				BAEFAD471B4F4570003F0D0B /* Siren */,
				BA5B90C91AED81F3000B1BD5 /* AppDelegate.swift */,
				BA09BFBB1B6D87C300138139 /* Fonts */,
				BADFA9251B69488100CAF0A5 /* NuVentsEndpoint.swift */,
				BAAEFAFC1B88305A00561664 /* Transitions */,
				BA09D0601B78086000138139 /* NuVentsHelperJS.js */,
				BADFA9421B69623300CAF0A5 /* NuVentsHelper.swift */,
				BA5B90CB1AED81F3000B1BD5 /* WelcomeView.swift */,
				BA5B90CD1AED81F3000B1BD5 /* Main.storyboard */,
				BA5B90D01AED81F3000B1BD5 /* Images.xcassets */,
				BA5B90D21AED81F3000B1BD5 /* LaunchScreen.xib */,
				BA5B90C71AED81F3000B1BD5 /* Supporting Files */,
				BA5B91051AED8601000B1BD5 /* NuVents-ios-Bridging-Header.h */,
				BAEEDE161B6D5D3300E10ED5 /* CombinationView.swift */,
				BAEEDE181B6D5D6700E10ED5 /* CategoryView.swift */,
				BA5D91E51B80FB2C000115BE /* CategoryViewCell.swift */,
				F1D6F6221B7680960022D638 /* ListViewCell.swift */,
				BAEEDE1A1B6D5D7500E10ED5 /* ListView.swift */,
				BAEEDE1C1B6D5D8100E10ED5 /* MapView.swift */,
				BA5D92171B81906C000115BE /* MapViewAnnotationView.h */,
				BA5D92181B81906C000115BE /* MapViewAnnotationView.m */,
				BAEEDE1E1B6D5D9400E10ED5 /* DetailView.swift */,
				BAEEDE201B6D5DA200E10ED5 /* RequestView.swift */,
				BAAE257A1BACFD6500813086 /* ListFilter.swift */,
				BAAE257C1BACFD7700813086 /* MapFilter.swift */,
			);
			path = "NuVents-ios";
			sourceTree = "<group>";
		};
		BA5B90C71AED81F3000B1BD5 /* Supporting Files */ = {
			isa = PBXGroup;
			children = (
				BA5B90C81AED81F3000B1BD5 /* Info.plist */,
			);
			name = "Supporting Files";
			sourceTree = "<group>";
		};
		BA5B90DC1AED81F3000B1BD5 /* NuVents-iosTests */ = {
			isa = PBXGroup;
			children = (
				BA5B90DF1AED81F3000B1BD5 /* NuVents_iosTests.swift */,
				BA5B90DD1AED81F3000B1BD5 /* Supporting Files */,
			);
			path = "NuVents-iosTests";
			sourceTree = "<group>";
		};
		BA5B90DD1AED81F3000B1BD5 /* Supporting Files */ = {
			isa = PBXGroup;
			children = (
				BA5B90DE1AED81F3000B1BD5 /* Info.plist */,
			);
			name = "Supporting Files";
			sourceTree = "<group>";
		};
		BA5D91FD1B811F4F000115BE /* MBXMapKit */ = {
			isa = PBXGroup;
			children = (
				BA5D91FE1B811F4F000115BE /* MBXConstantsAndTypes.h */,
				BA5D91FF1B811F4F000115BE /* MBXMapKit.h */,
				BA5D92001B811F4F000115BE /* MBXMapKit.m */,
				BA5D92011B811F4F000115BE /* MBXOfflineMapDatabase.h */,
				BA5D92021B811F4F000115BE /* MBXOfflineMapDatabase.m */,
				BA5D92031B811F4F000115BE /* MBXOfflineMapDownloader.h */,
				BA5D92041B811F4F000115BE /* MBXOfflineMapDownloader.m */,
				BA5D92051B811F4F000115BE /* MBXPointAnnotation.h */,
				BA5D92061B811F4F000115BE /* MBXPointAnnotation.m */,
				BA5D92071B811F4F000115BE /* MBXRasterTileOverlay.h */,
				BA5D92081B811F4F000115BE /* MBXRasterTileOverlay.m */,
				BA5D92091B811F4F000115BE /* MBXRasterTileRenderer.h */,
				BA5D920A1B811F4F000115BE /* MBXRasterTileRenderer.m */,
			);
			path = MBXMapKit;
			sourceTree = "<group>";
		};
		BA79AD291BAC998B00B64493 /* SocketIOClientSwift */ = {
			isa = PBXGroup;
			children = (
				BA79AD2A1BAC998B00B64493 /* SocketAckEmitter.swift */,
				BA79AD2B1BAC998B00B64493 /* SocketAckManager.swift */,
				BA79AD2C1BAC998B00B64493 /* SocketAnyEvent.swift */,
				BA79AD2D1BAC998B00B64493 /* SocketEngine.swift */,
				BA79AD2E1BAC998B00B64493 /* SocketEngineClient.swift */,
				BA79AD2F1BAC998B00B64493 /* SocketEventHandler.swift */,
				BA79AD301BAC998B00B64493 /* SocketFixUTF8.swift */,
				BA79AD311BAC998B00B64493 /* SocketIOClient.swift */,
				BA79AD321BAC998B00B64493 /* SocketIOClientStatus.swift */,
				BA79AD331BAC998B00B64493 /* SocketLogger.swift */,
				BA79AD341BAC998B00B64493 /* SocketPacket.swift */,
				BA79AD351BAC998B00B64493 /* SocketParser.swift */,
				BA79AD361BAC998B00B64493 /* SocketStringReader.swift */,
				BA79AD371BAC998B00B64493 /* SocketTypes.swift */,
				BA79AD381BAC998B00B64493 /* SwiftRegex.swift */,
				BA79AD391BAC998B00B64493 /* WebSocket.swift */,
			);
			path = SocketIOClientSwift;
			sourceTree = "<group>";
		};
		BA8E59601B2A543700D6AB86 /* Graphics */ = {
			isa = PBXGroup;
			children = (
				BA2004491BAB9C01005DAFF9 /* share.png */,
				BA09BFCB1B6F294100138139 /* myLocationBtn.png */,
				BA8D1B471BAE6A0B009B3DC9 /* RequestIllustration1.png */,
				BA8D1B491BAE6A11009B3DC9 /* OnboardIllustration3.png */,
				BAA63BB91BBB97E6003CC769 /* refresh.png */,
				BA8D1B4B1BAE6A16009B3DC9 /* OnboardIllustration2.png */,
				BA8D1B4D1BAE6A1D009B3DC9 /* OnboardIllustration1.png */,
				BAAEFAD41B827EE200561664 /* Mapbox_Logo.png */,
				BA09BFC41B6D99A100138139 /* combinationViewTabBar.png */,
				BA90B6121B19018400C3E3D8 /* NuVents_SplashScreen.png */,
			);
			name = Graphics;
			sourceTree = "<group>";
		};
		BAAEFAFC1B88305A00561664 /* Transitions */ = {
			isa = PBXGroup;
			children = (
				BAAEFAFA1B88304A00561664 /* DetailViewSegue.swift */,
				BAAEFAFD1B88309800561664 /* DetailViewUnwindSegue.swift */,
				BAAEFAFF1B8841E400561664 /* CombinationViewSegue.swift */,
				BAE778551BDC31C4001E4194 /* CombinationViewUnwindSegue.swift */,
				BAAEFB011B88F1D100561664 /* RequestViewSegue.swift */,
				BAAEFB031B88F1DD00561664 /* RequestViewUnwindSegue.swift */,
			);
			name = Transitions;
			sourceTree = "<group>";
		};
		BAD9CFF21BB1E067001133E6 /* Branch-SDK */ = {
			isa = PBXGroup;
			children = (
				BAD9CFF31BB1E067001133E6 /* Branch-SDK */,
			);
			path = "Branch-SDK";
			sourceTree = "<group>";
		};
		BAD9CFF31BB1E067001133E6 /* Branch-SDK */ = {
			isa = PBXGroup;
			children = (
				BAD9CFF41BB1E067001133E6 /* BNCConfig.h */,
				BAD9CFF51BB1E067001133E6 /* BNCContentDiscoveryManager.h */,
				BAD9CFF61BB1E067001133E6 /* BNCContentDiscoveryManager.m */,
				BAD9CFF71BB1E067001133E6 /* BNCEncodingUtils.h */,
				BAD9CFF81BB1E067001133E6 /* BNCEncodingUtils.m */,
				BAD9CFF91BB1E067001133E6 /* BNCError.h */,
				BAD9CFFA1BB1E067001133E6 /* BNCError.m */,
				BAD9CFFB1BB1E067001133E6 /* BNCLinkCache.h */,
				BAD9CFFC1BB1E067001133E6 /* BNCLinkCache.m */,
				BAD9CFFD1BB1E067001133E6 /* BNCLinkData.h */,
				BAD9CFFE1BB1E067001133E6 /* BNCLinkData.m */,
				BAD9CFFF1BB1E067001133E6 /* BNCPreferenceHelper.h */,
				BAD9D0001BB1E067001133E6 /* BNCPreferenceHelper.m */,
				BAD9D0011BB1E067001133E6 /* BNCServerInterface.h */,
				BAD9D0021BB1E067001133E6 /* BNCServerInterface.m */,
				BAD9D0031BB1E067001133E6 /* BNCServerRequestQueue.h */,
				BAD9D0041BB1E067001133E6 /* BNCServerRequestQueue.m */,
				BAD9D0051BB1E067001133E6 /* BNCServerResponse.h */,
				BAD9D0061BB1E067001133E6 /* BNCServerResponse.m */,
				BAD9D0071BB1E067001133E6 /* BNCStrongMatchHelper.h */,
				BAD9D0081BB1E067001133E6 /* BNCStrongMatchHelper.m */,
				BAD9D0091BB1E067001133E6 /* BNCSystemObserver.h */,
				BAD9D00A1BB1E067001133E6 /* BNCSystemObserver.m */,
				BAD9D00B1BB1E067001133E6 /* Branch-SDK-Prefix.pch */,
				BAD9D00C1BB1E067001133E6 /* Branch.h */,
				BAD9D00D1BB1E067001133E6 /* Branch.m */,
				BAD9D00E1BB1E067001133E6 /* BranchActivityItemProvider.h */,
				BAD9D00F1BB1E067001133E6 /* BranchActivityItemProvider.m */,
				BAD9D0101BB1E067001133E6 /* BranchConstants.h */,
				BAD9D0111BB1E067001133E6 /* BranchConstants.m */,
				BAD9D0121BB1E067001133E6 /* BranchCSSearchableItemAttributeSet.h */,
				BAD9D0131BB1E067001133E6 /* BranchCSSearchableItemAttributeSet.m */,
				BAD9D0141BB1E067001133E6 /* BranchDeepLinkingController.h */,
				BAD9D0151BB1E067001133E6 /* Requests */,
			);
			path = "Branch-SDK";
			sourceTree = "<group>";
		};
		BAD9D0151BB1E067001133E6 /* Requests */ = {
			isa = PBXGroup;
			children = (
				BAD9D0161BB1E067001133E6 /* BNCDebugRequest.h */,
				BAD9D0171BB1E067001133E6 /* BNCDebugRequest.m */,
				BAD9D0181BB1E067001133E6 /* BNCServerRequest.h */,
				BAD9D0191BB1E067001133E6 /* BNCServerRequest.m */,
				BAD9D01A1BB1E067001133E6 /* BranchApplyPromoCodeRequest.h */,
				BAD9D01B1BB1E067001133E6 /* BranchApplyPromoCodeRequest.m */,
				BAD9D01C1BB1E067001133E6 /* BranchCloseRequest.h */,
				BAD9D01D1BB1E067001133E6 /* BranchCloseRequest.m */,
				BAD9D01E1BB1E067001133E6 /* BranchConnectDebugRequest.h */,
				BAD9D01F1BB1E067001133E6 /* BranchConnectDebugRequest.m */,
				BAD9D0201BB1E067001133E6 /* BranchCreditHistoryRequest.h */,
				BAD9D0211BB1E067001133E6 /* BranchCreditHistoryRequest.m */,
				BAD9D0221BB1E067001133E6 /* BranchDisconnectDebugRequest.h */,
				BAD9D0231BB1E067001133E6 /* BranchDisconnectDebugRequest.m */,
				BAD9D0241BB1E067001133E6 /* BranchGetPromoCodeRequest.h */,
				BAD9D0251BB1E067001133E6 /* BranchGetPromoCodeRequest.m */,
				BAD9D0261BB1E067001133E6 /* BranchInstallRequest.h */,
				BAD9D0271BB1E067001133E6 /* BranchInstallRequest.m */,
				BAD9D0281BB1E067001133E6 /* BranchLoadActionsRequest.h */,
				BAD9D0291BB1E067001133E6 /* BranchLoadActionsRequest.m */,
				BAD9D02A1BB1E067001133E6 /* BranchLoadRewardsRequest.h */,
				BAD9D02B1BB1E067001133E6 /* BranchLoadRewardsRequest.m */,
				BAD9D02C1BB1E067001133E6 /* BranchLogoutRequest.h */,
				BAD9D02D1BB1E067001133E6 /* BranchLogoutRequest.m */,
				BAD9D02E1BB1E067001133E6 /* BranchLogRequest.h */,
				BAD9D02F1BB1E067001133E6 /* BranchLogRequest.m */,
				BAD9D0301BB1E067001133E6 /* BranchOpenRequest.h */,
				BAD9D0311BB1E067001133E6 /* BranchOpenRequest.m */,
				BAD9D0321BB1E067001133E6 /* BranchRedeemRewardsRequest.h */,
				BAD9D0331BB1E067001133E6 /* BranchRedeemRewardsRequest.m */,
				BAD9D0341BB1E067001133E6 /* BranchSetIdentityRequest.h */,
				BAD9D0351BB1E067001133E6 /* BranchSetIdentityRequest.m */,
				BAD9D0361BB1E067001133E6 /* BranchShortUrlRequest.h */,
				BAD9D0371BB1E067001133E6 /* BranchShortUrlRequest.m */,
				BAD9D0381BB1E067001133E6 /* BranchShortUrlSyncRequest.h */,
				BAD9D0391BB1E067001133E6 /* BranchShortUrlSyncRequest.m */,
				BAD9D03A1BB1E067001133E6 /* BranchSpotlightUrlRequest.h */,
				BAD9D03B1BB1E067001133E6 /* BranchSpotlightUrlRequest.m */,
				BAD9D03C1BB1E067001133E6 /* BranchUserCompletedActionRequest.h */,
				BAD9D03D1BB1E067001133E6 /* BranchUserCompletedActionRequest.m */,
				BAD9D03E1BB1E067001133E6 /* BranchValidatePromoCodeRequest.h */,
				BAD9D03F1BB1E067001133E6 /* BranchValidatePromoCodeRequest.m */,
			);
			path = Requests;
			sourceTree = "<group>";
		};
		BAEFAD471B4F4570003F0D0B /* Siren */ = {
			isa = PBXGroup;
			children = (
				BAEFAD481B4F4570003F0D0B /* Siren.bundle */,
				BAEFAD491B4F4570003F0D0B /* Siren.swift */,
			);
			path = Siren;
			sourceTree = "<group>";
		};
		BAF8B5001BAE064100AC6E97 /* YRActivityIndicator */ = {
			isa = PBXGroup;
			children = (
				BAF8B5011BAE064100AC6E97 /* YRActivityIndicator.h */,
				BAF8B5021BAE064100AC6E97 /* YRActivityIndicator.m */,
			);
			path = YRActivityIndicator;
			sourceTree = "<group>";
		};
/* End PBXGroup section */

/* Begin PBXNativeTarget section */
		BA5B90C31AED81F3000B1BD5 /* NuVents-ios */ = {
			isa = PBXNativeTarget;
			buildConfigurationList = BA5B90E31AED81F3000B1BD5 /* Build configuration list for PBXNativeTarget "NuVents-ios" */;
			buildPhases = (
				BA5B90C01AED81F3000B1BD5 /* Sources */,
				BA5B90C11AED81F3000B1BD5 /* Frameworks */,
				BA5B90C21AED81F3000B1BD5 /* Resources */,
				BA90B6141B1D20BB00C3E3D8 /* Run Script */,
			);
			buildRules = (
			);
			dependencies = (
			);
			name = "NuVents-ios";
			productName = "NuVents-ios";
			productReference = BA5B90C41AED81F3000B1BD5 /* NuVents.app */;
			productType = "com.apple.product-type.application";
		};
		BA5B90D81AED81F3000B1BD5 /* NuVents-iosTests */ = {
			isa = PBXNativeTarget;
			buildConfigurationList = BA5B90E61AED81F3000B1BD5 /* Build configuration list for PBXNativeTarget "NuVents-iosTests" */;
			buildPhases = (
				BA5B90D51AED81F3000B1BD5 /* Sources */,
				BA5B90D61AED81F3000B1BD5 /* Frameworks */,
				BA5B90D71AED81F3000B1BD5 /* Resources */,
			);
			buildRules = (
			);
			dependencies = (
				BA5B90DB1AED81F3000B1BD5 /* PBXTargetDependency */,
			);
			name = "NuVents-iosTests";
			productName = "NuVents-iosTests";
			productReference = BA5B90D91AED81F3000B1BD5 /* NuVents-iosTests.xctest */;
			productType = "com.apple.product-type.bundle.unit-test";
		};
/* End PBXNativeTarget section */

/* Begin PBXProject section */
		BA5B90BC1AED81F3000B1BD5 /* Project object */ = {
			isa = PBXProject;
			attributes = {
				LastSwiftMigration = 0700;
				LastSwiftUpdateCheck = 0700;
				LastUpgradeCheck = 0600;
				ORGANIZATIONNAME = NuVents;
				TargetAttributes = {
					BA5B90C31AED81F3000B1BD5 = {
						CreatedOnToolsVersion = 6.0;
						DevelopmentTeam = F22FCDBERG;
						SystemCapabilities = {
							com.apple.Maps.iOS = {
								enabled = 1;
							};
						};
					};
					BA5B90D81AED81F3000B1BD5 = {
						CreatedOnToolsVersion = 6.0;
						TestTargetID = BA5B90C31AED81F3000B1BD5;
					};
				};
			};
			buildConfigurationList = BA5B90BF1AED81F3000B1BD5 /* Build configuration list for PBXProject "NuVents-ios" */;
			compatibilityVersion = "Xcode 3.2";
			developmentRegion = English;
			hasScannedForEncodings = 0;
			knownRegions = (
				en,
				Base,
			);
			mainGroup = BA5B90BB1AED81F3000B1BD5;
			productRefGroup = BA5B90C51AED81F3000B1BD5 /* Products */;
			projectDirPath = "";
			projectRoot = "";
			targets = (
				BA5B90C31AED81F3000B1BD5 /* NuVents-ios */,
				BA5B90D81AED81F3000B1BD5 /* NuVents-iosTests */,
			);
		};
/* End PBXProject section */

/* Begin PBXResourcesBuildPhase section */
		BA5B90C21AED81F3000B1BD5 /* Resources */ = {
			isa = PBXResourcesBuildPhase;
			buildActionMask = 2147483647;
			files = (
				BA8D1B4A1BAE6A11009B3DC9 /* OnboardIllustration3.png in Resources */,
				BA09D0611B78086000138139 /* NuVentsHelperJS.js in Resources */,
				BA20044A1BAB9C01005DAFF9 /* share.png in Resources */,
				BA09BFC31B6D882700138139 /* Gotham-Rounded-Medium.ttf in Resources */,
				BA5B90CF1AED81F3000B1BD5 /* Main.storyboard in Resources */,
				BA09BFC21B6D882700138139 /* Gotham-Rounded-Light.ttf in Resources */,
				BA09BFCC1B6F294100138139 /* myLocationBtn.png in Resources */,
				BAEFAD4A1B4F4570003F0D0B /* Siren.bundle in Resources */,
				BA5B90D41AED81F3000B1BD5 /* LaunchScreen.xib in Resources */,
				BAA63BBA1BBB97E6003CC769 /* refresh.png in Resources */,
				BA09BFC11B6D882700138139 /* Gotham-Rounded-Book.ttf in Resources */,
				BA1B73401AFFFADE00A15B77 /* location.gpx in Resources */,
				BA5B90D11AED81F3000B1BD5 /* Images.xcassets in Resources */,
				BA90B6131B19018500C3E3D8 /* NuVents_SplashScreen.png in Resources */,
				BA09BFC51B6D99A100138139 /* combinationViewTabBar.png in Resources */,
				BA8D1B4E1BAE6A1D009B3DC9 /* OnboardIllustration1.png in Resources */,
				BA8D1B4C1BAE6A16009B3DC9 /* OnboardIllustration2.png in Resources */,
				BAAEFAD51B827EE200561664 /* Mapbox_Logo.png in Resources */,
				BA09BFC01B6D882700138139 /* Gotham-Rounded-Bold.ttf in Resources */,
				BA8D1B481BAE6A0B009B3DC9 /* RequestIllustration1.png in Resources */,
			);
			runOnlyForDeploymentPostprocessing = 0;
		};
		BA5B90D71AED81F3000B1BD5 /* Resources */ = {
			isa = PBXResourcesBuildPhase;
			buildActionMask = 2147483647;
			files = (
			);
			runOnlyForDeploymentPostprocessing = 0;
		};
/* End PBXResourcesBuildPhase section */

/* Begin PBXShellScriptBuildPhase section */
		BA90B6141B1D20BB00C3E3D8 /* Run Script */ = {
			isa = PBXShellScriptBuildPhase;
			buildActionMask = 2147483647;
			files = (
			);
			inputPaths = (
			);
			name = "Run Script";
			outputPaths = (
			);
			runOnlyForDeploymentPostprocessing = 0;
			shellPath = /bin/sh;
			shellScript = "./Fabric.framework/run 789dcea750f56406c3dc08f74b09acc628ae25f5 f395ff64127d45c7f7eefb3c2e28f30032cfa98858b4eeb688ad05777186a699";
		};
/* End PBXShellScriptBuildPhase section */

/* Begin PBXSourcesBuildPhase section */
		BA5B90C01AED81F3000B1BD5 /* Sources */ = {
			isa = PBXSourcesBuildPhase;
			buildActionMask = 2147483647;
			files = (
				BAD9D0451BB1E067001133E6 /* BNCPreferenceHelper.m in Sources */,
				BA5B90CC1AED81F3000B1BD5 /* WelcomeView.swift in Sources */,
				BA79AD401BAC998B00B64493 /* SocketFixUTF8.swift in Sources */,
				BA79AD481BAC998B00B64493 /* SwiftRegex.swift in Sources */,
				BA79AD471BAC998B00B64493 /* SocketTypes.swift in Sources */,
				BAAEFB041B88F1DD00561664 /* RequestViewUnwindSegue.swift in Sources */,
				BAEEDE1F1B6D5D9400E10ED5 /* DetailView.swift in Sources */,
				BAD9D0421BB1E067001133E6 /* BNCError.m in Sources */,
				BA5D920B1B811F4F000115BE /* MBXMapKit.m in Sources */,
				BAD9D0511BB1E067001133E6 /* BranchApplyPromoCodeRequest.m in Sources */,
				BAD9D0521BB1E067001133E6 /* BranchCloseRequest.m in Sources */,
				BA79AD3B1BAC998B00B64493 /* SocketAckManager.swift in Sources */,
				BAD9D0411BB1E067001133E6 /* BNCEncodingUtils.m in Sources */,
				BA79AD431BAC998B00B64493 /* SocketLogger.swift in Sources */,
				BAD9D04C1BB1E067001133E6 /* BranchActivityItemProvider.m in Sources */,
				BAD9D04F1BB1E067001133E6 /* BNCDebugRequest.m in Sources */,
				BAD9D0461BB1E067001133E6 /* BNCServerInterface.m in Sources */,
				BAD9D0441BB1E067001133E6 /* BNCLinkData.m in Sources */,
				BAD9D0491BB1E067001133E6 /* BNCStrongMatchHelper.m in Sources */,
				BA09BFC81B6D9CE200138139 /* URBSegmentedControl.m in Sources */,
				BAD9D0551BB1E067001133E6 /* BranchDisconnectDebugRequest.m in Sources */,
				BAD9D04D1BB1E067001133E6 /* BranchConstants.m in Sources */,
				BAAEFB001B8841E400561664 /* CombinationViewSegue.swift in Sources */,
				BAAEFAFB1B88304A00561664 /* DetailViewSegue.swift in Sources */,
				BAEFAD4B1B4F4570003F0D0B /* Siren.swift in Sources */,
				BA79AD491BAC998B00B64493 /* WebSocket.swift in Sources */,
				BA79AD441BAC998B00B64493 /* SocketPacket.swift in Sources */,
				BA5D91E61B80FB2C000115BE /* CategoryViewCell.swift in Sources */,
				F1D6F6231B7680960022D638 /* ListViewCell.swift in Sources */,
				BA5D92191B81906C000115BE /* MapViewAnnotationView.m in Sources */,
				BAD9D04E1BB1E067001133E6 /* BranchCSSearchableItemAttributeSet.m in Sources */,
				BAD9D0481BB1E067001133E6 /* BNCServerResponse.m in Sources */,
				BA79AD3F1BAC998B00B64493 /* SocketEventHandler.swift in Sources */,
				BAD9D0571BB1E067001133E6 /* BranchInstallRequest.m in Sources */,
				BA5D92101B811F4F000115BE /* MBXRasterTileRenderer.m in Sources */,
				BA79AD451BAC998B00B64493 /* SocketParser.swift in Sources */,
				BAD9D0501BB1E067001133E6 /* BNCServerRequest.m in Sources */,
				BAEEDE1B1B6D5D7500E10ED5 /* ListView.swift in Sources */,
				BAD9D0611BB1E067001133E6 /* BranchSpotlightUrlRequest.m in Sources */,
				BAD9D0561BB1E067001133E6 /* BranchGetPromoCodeRequest.m in Sources */,
				BA5D920D1B811F4F000115BE /* MBXOfflineMapDownloader.m in Sources */,
				BAEEDE1D1B6D5D8100E10ED5 /* MapView.swift in Sources */,
				BA5D920C1B811F4F000115BE /* MBXOfflineMapDatabase.m in Sources */,
				BAE778561BDC31C4001E4194 /* CombinationViewUnwindSegue.swift in Sources */,
				BAD9D0541BB1E067001133E6 /* BranchCreditHistoryRequest.m in Sources */,
				BAD9D05C1BB1E067001133E6 /* BranchOpenRequest.m in Sources */,
				BAD9D0531BB1E067001133E6 /* BranchConnectDebugRequest.m in Sources */,
				BAEEDE191B6D5D6700E10ED5 /* CategoryView.swift in Sources */,
				BA79AD461BAC998B00B64493 /* SocketStringReader.swift in Sources */,
				BAAEFB021B88F1D100561664 /* RequestViewSegue.swift in Sources */,
				BADFA9261B69488100CAF0A5 /* NuVentsEndpoint.swift in Sources */,
				BAAEFAFE1B88309800561664 /* DetailViewUnwindSegue.swift in Sources */,
				BAA63BBD1BBBB890003CC769 /* CZPickerView.m in Sources */,
				BA5D920E1B811F4F000115BE /* MBXPointAnnotation.m in Sources */,
				BAD9D05D1BB1E067001133E6 /* BranchRedeemRewardsRequest.m in Sources */,
				BAF8B5031BAE064100AC6E97 /* YRActivityIndicator.m in Sources */,
				BA9D112E1AF0148900C07FD3 /* SwiftyJSON.swift in Sources */,
				BAD9D04B1BB1E067001133E6 /* Branch.m in Sources */,
				BAD9D0471BB1E067001133E6 /* BNCServerRequestQueue.m in Sources */,
				BA79AD3D1BAC998B00B64493 /* SocketEngine.swift in Sources */,
				BAD9D05A1BB1E067001133E6 /* BranchLogoutRequest.m in Sources */,
				BA79AD3A1BAC998B00B64493 /* SocketAckEmitter.swift in Sources */,
				BAD9D0431BB1E067001133E6 /* BNCLinkCache.m in Sources */,
				BAD9D0591BB1E067001133E6 /* BranchLoadRewardsRequest.m in Sources */,
				BAAE257B1BACFD6500813086 /* ListFilter.swift in Sources */,
				BA5D921C1B8254E8000115BE /* SMCalloutView.m in Sources */,
				BAAE257D1BACFD7700813086 /* MapFilter.swift in Sources */,
				BA79AD3C1BAC998B00B64493 /* SocketAnyEvent.swift in Sources */,
				BAD9D04A1BB1E067001133E6 /* BNCSystemObserver.m in Sources */,
				BAD9D0631BB1E067001133E6 /* BranchValidatePromoCodeRequest.m in Sources */,
				BA79AD3E1BAC998B00B64493 /* SocketEngineClient.swift in Sources */,
				BAD9D0401BB1E067001133E6 /* BNCContentDiscoveryManager.m in Sources */,
				BAEEDE211B6D5DA200E10ED5 /* RequestView.swift in Sources */,
				BA5B90CA1AED81F3000B1BD5 /* AppDelegate.swift in Sources */,
				BAD9D05F1BB1E067001133E6 /* BranchShortUrlRequest.m in Sources */,
				BAD9D05E1BB1E067001133E6 /* BranchSetIdentityRequest.m in Sources */,
				BAEEDE171B6D5D3300E10ED5 /* CombinationView.swift in Sources */,
				BA79AD421BAC998B00B64493 /* SocketIOClientStatus.swift in Sources */,
				BA79AD411BAC998B00B64493 /* SocketIOClient.swift in Sources */,
				BAD9D0621BB1E067001133E6 /* BranchUserCompletedActionRequest.m in Sources */,
				BAD9D0581BB1E067001133E6 /* BranchLoadActionsRequest.m in Sources */,
				BAD9D05B1BB1E067001133E6 /* BranchLogRequest.m in Sources */,
				BAD9D0601BB1E067001133E6 /* BranchShortUrlSyncRequest.m in Sources */,
				BA5D920F1B811F4F000115BE /* MBXRasterTileOverlay.m in Sources */,
				BADFA9431B69623300CAF0A5 /* NuVentsHelper.swift in Sources */,
			);
			runOnlyForDeploymentPostprocessing = 0;
		};
		BA5B90D51AED81F3000B1BD5 /* Sources */ = {
			isa = PBXSourcesBuildPhase;
			buildActionMask = 2147483647;
			files = (
				BA5B90E01AED81F3000B1BD5 /* NuVents_iosTests.swift in Sources */,
			);
			runOnlyForDeploymentPostprocessing = 0;
		};
/* End PBXSourcesBuildPhase section */

/* Begin PBXTargetDependency section */
		BA5B90DB1AED81F3000B1BD5 /* PBXTargetDependency */ = {
			isa = PBXTargetDependency;
			target = BA5B90C31AED81F3000B1BD5 /* NuVents-ios */;
			targetProxy = BA5B90DA1AED81F3000B1BD5 /* PBXContainerItemProxy */;
		};
/* End PBXTargetDependency section */

/* Begin PBXVariantGroup section */
		BA5B90CD1AED81F3000B1BD5 /* Main.storyboard */ = {
			isa = PBXVariantGroup;
			children = (
				BA5B90CE1AED81F3000B1BD5 /* Base */,
			);
			name = Main.storyboard;
			sourceTree = "<group>";
		};
		BA5B90D21AED81F3000B1BD5 /* LaunchScreen.xib */ = {
			isa = PBXVariantGroup;
			children = (
				BA5B90D31AED81F3000B1BD5 /* Base */,
			);
			name = LaunchScreen.xib;
			sourceTree = "<group>";
		};
/* End PBXVariantGroup section */

/* Begin XCBuildConfiguration section */
		BA5B90E11AED81F3000B1BD5 /* Debug */ = {
			isa = XCBuildConfiguration;
			buildSettings = {
				ALWAYS_SEARCH_USER_PATHS = NO;
				CLANG_CXX_LANGUAGE_STANDARD = "gnu++0x";
				CLANG_CXX_LIBRARY = "libc++";
				CLANG_ENABLE_MODULES = YES;
				CLANG_ENABLE_OBJC_ARC = YES;
				CLANG_WARN_BOOL_CONVERSION = YES;
				CLANG_WARN_CONSTANT_CONVERSION = YES;
				CLANG_WARN_DIRECT_OBJC_ISA_USAGE = YES_ERROR;
				CLANG_WARN_EMPTY_BODY = YES;
				CLANG_WARN_ENUM_CONVERSION = YES;
				CLANG_WARN_INT_CONVERSION = YES;
				CLANG_WARN_OBJC_ROOT_CLASS = YES_ERROR;
				CLANG_WARN_UNREACHABLE_CODE = YES;
				CLANG_WARN__DUPLICATE_METHOD_MATCH = YES;
				"CODE_SIGN_IDENTITY[sdk=iphoneos*]" = "iPhone Developer";
				COPY_PHASE_STRIP = NO;
				ENABLE_STRICT_OBJC_MSGSEND = YES;
				GCC_C_LANGUAGE_STANDARD = gnu99;
				GCC_DYNAMIC_NO_PIC = NO;
				GCC_OPTIMIZATION_LEVEL = 0;
				GCC_PREPROCESSOR_DEFINITIONS = (
					"DEBUG=1",
					"$(inherited)",
				);
				GCC_SYMBOLS_PRIVATE_EXTERN = NO;
				GCC_WARN_64_TO_32_BIT_CONVERSION = YES;
				GCC_WARN_ABOUT_RETURN_TYPE = YES_ERROR;
				GCC_WARN_UNDECLARED_SELECTOR = YES;
				GCC_WARN_UNINITIALIZED_AUTOS = YES_AGGRESSIVE;
				GCC_WARN_UNUSED_FUNCTION = YES;
				GCC_WARN_UNUSED_VARIABLE = YES;
				IPHONEOS_DEPLOYMENT_TARGET = 8.0;
				MTL_ENABLE_DEBUG_INFO = YES;
				ONLY_ACTIVE_ARCH = YES;
				OTHER_LDFLAGS = "-ObjC";
				SDKROOT = iphoneos;
				SWIFT_OPTIMIZATION_LEVEL = "-Onone";
				TARGETED_DEVICE_FAMILY = "1,2";
			};
			name = Debug;
		};
		BA5B90E21AED81F3000B1BD5 /* Release */ = {
			isa = XCBuildConfiguration;
			buildSettings = {
				ALWAYS_SEARCH_USER_PATHS = NO;
				CLANG_CXX_LANGUAGE_STANDARD = "gnu++0x";
				CLANG_CXX_LIBRARY = "libc++";
				CLANG_ENABLE_MODULES = YES;
				CLANG_ENABLE_OBJC_ARC = YES;
				CLANG_WARN_BOOL_CONVERSION = YES;
				CLANG_WARN_CONSTANT_CONVERSION = YES;
				CLANG_WARN_DIRECT_OBJC_ISA_USAGE = YES_ERROR;
				CLANG_WARN_EMPTY_BODY = YES;
				CLANG_WARN_ENUM_CONVERSION = YES;
				CLANG_WARN_INT_CONVERSION = YES;
				CLANG_WARN_OBJC_ROOT_CLASS = YES_ERROR;
				CLANG_WARN_UNREACHABLE_CODE = YES;
				CLANG_WARN__DUPLICATE_METHOD_MATCH = YES;
				"CODE_SIGN_IDENTITY[sdk=iphoneos*]" = "iPhone Developer";
				COPY_PHASE_STRIP = YES;
				ENABLE_NS_ASSERTIONS = NO;
				ENABLE_STRICT_OBJC_MSGSEND = YES;
				GCC_C_LANGUAGE_STANDARD = gnu99;
				GCC_WARN_64_TO_32_BIT_CONVERSION = YES;
				GCC_WARN_ABOUT_RETURN_TYPE = YES_ERROR;
				GCC_WARN_UNDECLARED_SELECTOR = YES;
				GCC_WARN_UNINITIALIZED_AUTOS = YES_AGGRESSIVE;
				GCC_WARN_UNUSED_FUNCTION = YES;
				GCC_WARN_UNUSED_VARIABLE = YES;
				IPHONEOS_DEPLOYMENT_TARGET = 8.0;
				MTL_ENABLE_DEBUG_INFO = NO;
				OTHER_LDFLAGS = "-ObjC";
				SDKROOT = iphoneos;
				TARGETED_DEVICE_FAMILY = "1,2";
				VALIDATE_PRODUCT = YES;
			};
			name = Release;
		};
		BA5B90E41AED81F3000B1BD5 /* Debug */ = {
			isa = XCBuildConfiguration;
			buildSettings = {
				ASSETCATALOG_COMPILER_APPICON_NAME = AppIcon;
				ASSETCATALOG_COMPILER_LAUNCHIMAGE_NAME = LaunchImage;
				CLANG_ENABLE_MODULES = YES;
				CODE_SIGN_IDENTITY = "iPhone Developer";
				"CODE_SIGN_IDENTITY[sdk=iphoneos*]" = "iPhone Developer";
				FRAMEWORK_SEARCH_PATHS = (
					"$(inherited)",
					"$(PROJECT_DIR)",
					"$(PROJECT_DIR)/NuVents-ios",
				);
				HEADER_SEARCH_PATHS = (
					"$(inherited)",
					/Applications/Xcode.app/Contents/Developer/Toolchains/XcodeDefault.xctoolchain/usr/include,
				);
				INFOPLIST_FILE = "NuVents-ios/Info.plist";
				IPHONEOS_DEPLOYMENT_TARGET = 8.0;
				LD_RUNPATH_SEARCH_PATHS = "$(inherited) @executable_path/Frameworks";
				LIBRARY_SEARCH_PATHS = (
					"$(inherited)",
					"$(PROJECT_DIR)/NuVents-ios/Mapbox-iOS-SDK-1.6.1",
				);
				OTHER_SWIFT_FLAGS = "-D DEBUG";
				PRODUCT_NAME = NuVents;
				PROVISIONING_PROFILE = "";
				SWIFT_OBJC_BRIDGING_HEADER = "NuVents-ios/NuVents-ios-Bridging-Header.h";
				SWIFT_OPTIMIZATION_LEVEL = "-Onone";
				TARGETED_DEVICE_FAMILY = 1;
			};
			name = Debug;
		};
		BA5B90E51AED81F3000B1BD5 /* Release */ = {
			isa = XCBuildConfiguration;
			buildSettings = {
				ASSETCATALOG_COMPILER_APPICON_NAME = AppIcon;
				ASSETCATALOG_COMPILER_LAUNCHIMAGE_NAME = LaunchImage;
				CLANG_ENABLE_MODULES = YES;
				CODE_SIGN_IDENTITY = "iPhone Developer";
				"CODE_SIGN_IDENTITY[sdk=iphoneos*]" = "iPhone Developer";
				FRAMEWORK_SEARCH_PATHS = (
					"$(inherited)",
					"$(PROJECT_DIR)",
					"$(PROJECT_DIR)/NuVents-ios",
				);
				HEADER_SEARCH_PATHS = (
					"$(inherited)",
					/Applications/Xcode.app/Contents/Developer/Toolchains/XcodeDefault.xctoolchain/usr/include,
				);
				INFOPLIST_FILE = "NuVents-ios/Info.plist";
				IPHONEOS_DEPLOYMENT_TARGET = 8.0;
				LD_RUNPATH_SEARCH_PATHS = "$(inherited) @executable_path/Frameworks";
				LIBRARY_SEARCH_PATHS = (
					"$(inherited)",
					"$(PROJECT_DIR)/NuVents-ios/Mapbox-iOS-SDK-1.6.1",
				);
				OTHER_SWIFT_FLAGS = "-D RELEASE";
				PRODUCT_NAME = NuVents;
				PROVISIONING_PROFILE = "";
				SWIFT_OBJC_BRIDGING_HEADER = "NuVents-ios/NuVents-ios-Bridging-Header.h";
				TARGETED_DEVICE_FAMILY = 1;
			};
			name = Release;
		};
		BA5B90E71AED81F3000B1BD5 /* Debug */ = {
			isa = XCBuildConfiguration;
			buildSettings = {
				BUNDLE_LOADER = "$(TEST_HOST)";
				FRAMEWORK_SEARCH_PATHS = (
					"$(SDKROOT)/Developer/Library/Frameworks",
					"$(inherited)",
				);
				GCC_PREPROCESSOR_DEFINITIONS = (
					"DEBUG=1",
					"$(inherited)",
				);
				INFOPLIST_FILE = "NuVents-iosTests/Info.plist";
				LD_RUNPATH_SEARCH_PATHS = "$(inherited) @executable_path/Frameworks @loader_path/Frameworks";
				PRODUCT_NAME = "$(TARGET_NAME)";
				TEST_HOST = "$(BUILT_PRODUCTS_DIR)/NuVents-ios.app/NuVents-ios";
			};
			name = Debug;
		};
		BA5B90E81AED81F3000B1BD5 /* Release */ = {
			isa = XCBuildConfiguration;
			buildSettings = {
				BUNDLE_LOADER = "$(TEST_HOST)";
				FRAMEWORK_SEARCH_PATHS = (
					"$(SDKROOT)/Developer/Library/Frameworks",
					"$(inherited)",
				);
				INFOPLIST_FILE = "NuVents-iosTests/Info.plist";
				LD_RUNPATH_SEARCH_PATHS = "$(inherited) @executable_path/Frameworks @loader_path/Frameworks";
				PRODUCT_NAME = "$(TARGET_NAME)";
				TEST_HOST = "$(BUILT_PRODUCTS_DIR)/NuVents-ios.app/NuVents-ios";
			};
			name = Release;
		};
/* End XCBuildConfiguration section */

/* Begin XCConfigurationList section */
		BA5B90BF1AED81F3000B1BD5 /* Build configuration list for PBXProject "NuVents-ios" */ = {
			isa = XCConfigurationList;
			buildConfigurations = (
				BA5B90E11AED81F3000B1BD5 /* Debug */,
				BA5B90E21AED81F3000B1BD5 /* Release */,
			);
			defaultConfigurationIsVisible = 0;
			defaultConfigurationName = Release;
		};
		BA5B90E31AED81F3000B1BD5 /* Build configuration list for PBXNativeTarget "NuVents-ios" */ = {
			isa = XCConfigurationList;
			buildConfigurations = (
				BA5B90E41AED81F3000B1BD5 /* Debug */,
				BA5B90E51AED81F3000B1BD5 /* Release */,
			);
			defaultConfigurationIsVisible = 0;
			defaultConfigurationName = Release;
		};
		BA5B90E61AED81F3000B1BD5 /* Build configuration list for PBXNativeTarget "NuVents-iosTests" */ = {
			isa = XCConfigurationList;
			buildConfigurations = (
				BA5B90E71AED81F3000B1BD5 /* Debug */,
				BA5B90E81AED81F3000B1BD5 /* Release */,
			);
			defaultConfigurationIsVisible = 0;
			defaultConfigurationName = Release;
		};
/* End XCConfigurationList section */
	};
	rootObject = BA5B90BC1AED81F3000B1BD5 /* Project object */;
}
