// !$*UTF8*$!
{
	archiveVersion = 1;
	classes = {
	};
	objectVersion = 46;
	objects = {

/* Begin PBXBuildFile section */
		BA1B733E1AFA82BE00A15B77 /* GMapCamera.swift in Sources */ = {isa = PBXBuildFile; fileRef = BA1B733D1AFA82BE00A15B77 /* GMapCamera.swift */; };
		BA1B73401AFFFADE00A15B77 /* location.gpx in Resources */ = {isa = PBXBuildFile; fileRef = BA1B733F1AFFFADE00A15B77 /* location.gpx */; };
		BA1B73421B011B9F00A15B77 /* DetailView.swift in Sources */ = {isa = PBXBuildFile; fileRef = BA1B73411B011B9F00A15B77 /* DetailView.swift */; };
		BA1EF5C21AF9AC63000775B7 /* GlobalVariables.swift in Sources */ = {isa = PBXBuildFile; fileRef = BA1EF5C11AF9AC63000775B7 /* GlobalVariables.swift */; };
		BA2E187C1AEEA178008AA18A /* NuVentsBackend.swift in Sources */ = {isa = PBXBuildFile; fileRef = BA2E187B1AEEA178008AA18A /* NuVentsBackend.swift */; };
		BA5B90CA1AED81F3000B1BD5 /* AppDelegate.swift in Sources */ = {isa = PBXBuildFile; fileRef = BA5B90C91AED81F3000B1BD5 /* AppDelegate.swift */; };
		BA5B90CC1AED81F3000B1BD5 /* WelcomeView.swift in Sources */ = {isa = PBXBuildFile; fileRef = BA5B90CB1AED81F3000B1BD5 /* WelcomeView.swift */; };
		BA5B90CF1AED81F3000B1BD5 /* Main.storyboard in Resources */ = {isa = PBXBuildFile; fileRef = BA5B90CD1AED81F3000B1BD5 /* Main.storyboard */; };
		BA5B90D11AED81F3000B1BD5 /* Images.xcassets in Resources */ = {isa = PBXBuildFile; fileRef = BA5B90D01AED81F3000B1BD5 /* Images.xcassets */; };
		BA5B90D41AED81F3000B1BD5 /* LaunchScreen.xib in Resources */ = {isa = PBXBuildFile; fileRef = BA5B90D21AED81F3000B1BD5 /* LaunchScreen.xib */; };
		BA5B90E01AED81F3000B1BD5 /* NuVents_iosTests.swift in Sources */ = {isa = PBXBuildFile; fileRef = BA5B90DF1AED81F3000B1BD5 /* NuVents_iosTests.swift */; };
		BA5B90EA1AED8439000B1BD5 /* GoogleMaps.framework in Frameworks */ = {isa = PBXBuildFile; fileRef = BA5B90E91AED8439000B1BD5 /* GoogleMaps.framework */; };
		BA5B90EC1AED844B000B1BD5 /* GoogleMaps.bundle in Resources */ = {isa = PBXBuildFile; fileRef = BA5B90EB1AED844B000B1BD5 /* GoogleMaps.bundle */; };
		BA5B90EE1AED851A000B1BD5 /* AVFoundation.framework in Frameworks */ = {isa = PBXBuildFile; fileRef = BA5B90ED1AED851A000B1BD5 /* AVFoundation.framework */; };
		BA5B90F01AED8520000B1BD5 /* CoreData.framework in Frameworks */ = {isa = PBXBuildFile; fileRef = BA5B90EF1AED8520000B1BD5 /* CoreData.framework */; };
		BA5B90F21AED8525000B1BD5 /* CoreLocation.framework in Frameworks */ = {isa = PBXBuildFile; fileRef = BA5B90F11AED8525000B1BD5 /* CoreLocation.framework */; };
		BA5B90F41AED852B000B1BD5 /* CoreText.framework in Frameworks */ = {isa = PBXBuildFile; fileRef = BA5B90F31AED852B000B1BD5 /* CoreText.framework */; };
		BA5B90F61AED8531000B1BD5 /* GLKit.framework in Frameworks */ = {isa = PBXBuildFile; fileRef = BA5B90F51AED8531000B1BD5 /* GLKit.framework */; };
		BA5B90F81AED8536000B1BD5 /* ImageIO.framework in Frameworks */ = {isa = PBXBuildFile; fileRef = BA5B90F71AED8536000B1BD5 /* ImageIO.framework */; };
		BA5B90FA1AED854E000B1BD5 /* libc++.dylib in Frameworks */ = {isa = PBXBuildFile; fileRef = BA5B90F91AED854E000B1BD5 /* libc++.dylib */; };
		BA5B90FC1AED8559000B1BD5 /* libicucore.dylib in Frameworks */ = {isa = PBXBuildFile; fileRef = BA5B90FB1AED8559000B1BD5 /* libicucore.dylib */; };
		BA5B90FE1AED855F000B1BD5 /* libz.dylib in Frameworks */ = {isa = PBXBuildFile; fileRef = BA5B90FD1AED855F000B1BD5 /* libz.dylib */; };
		BA5B91001AED8567000B1BD5 /* OpenGLES.framework in Frameworks */ = {isa = PBXBuildFile; fileRef = BA5B90FF1AED8567000B1BD5 /* OpenGLES.framework */; };
		BA5B91021AED856F000B1BD5 /* QuartzCore.framework in Frameworks */ = {isa = PBXBuildFile; fileRef = BA5B91011AED856F000B1BD5 /* QuartzCore.framework */; };
		BA5B91041AED8575000B1BD5 /* SystemConfiguration.framework in Frameworks */ = {isa = PBXBuildFile; fileRef = BA5B91031AED8575000B1BD5 /* SystemConfiguration.framework */; };
		BA5B91161AEDEB9E000B1BD5 /* SocketAckManager.swift in Sources */ = {isa = PBXBuildFile; fileRef = BA5B91091AEDEB9E000B1BD5 /* SocketAckManager.swift */; };
		BA5B91171AEDEB9E000B1BD5 /* SocketAnyEvent.swift in Sources */ = {isa = PBXBuildFile; fileRef = BA5B910A1AEDEB9E000B1BD5 /* SocketAnyEvent.swift */; };
		BA5B91181AEDEB9E000B1BD5 /* SocketEngine.swift in Sources */ = {isa = PBXBuildFile; fileRef = BA5B910B1AEDEB9E000B1BD5 /* SocketEngine.swift */; };
		BA5B91191AEDEB9E000B1BD5 /* SocketEngineClient.swift in Sources */ = {isa = PBXBuildFile; fileRef = BA5B910C1AEDEB9E000B1BD5 /* SocketEngineClient.swift */; };
		BA5B911A1AEDEB9E000B1BD5 /* SocketEventHandler.swift in Sources */ = {isa = PBXBuildFile; fileRef = BA5B910D1AEDEB9E000B1BD5 /* SocketEventHandler.swift */; };
		BA5B911B1AEDEB9E000B1BD5 /* SocketFixUTF8.swift in Sources */ = {isa = PBXBuildFile; fileRef = BA5B910E1AEDEB9E000B1BD5 /* SocketFixUTF8.swift */; };
		BA5B911C1AEDEB9E000B1BD5 /* SocketIOClient.swift in Sources */ = {isa = PBXBuildFile; fileRef = BA5B910F1AEDEB9E000B1BD5 /* SocketIOClient.swift */; };
		BA5B911D1AEDEB9E000B1BD5 /* SocketLogger.swift in Sources */ = {isa = PBXBuildFile; fileRef = BA5B91101AEDEB9E000B1BD5 /* SocketLogger.swift */; };
		BA5B911E1AEDEB9E000B1BD5 /* SocketPacket.swift in Sources */ = {isa = PBXBuildFile; fileRef = BA5B91111AEDEB9E000B1BD5 /* SocketPacket.swift */; };
		BA5B911F1AEDEB9E000B1BD5 /* SocketParser.swift in Sources */ = {isa = PBXBuildFile; fileRef = BA5B91121AEDEB9E000B1BD5 /* SocketParser.swift */; };
		BA5B91201AEDEB9E000B1BD5 /* SocketTypes.swift in Sources */ = {isa = PBXBuildFile; fileRef = BA5B91131AEDEB9E000B1BD5 /* SocketTypes.swift */; };
		BA5B91211AEDEB9E000B1BD5 /* SwiftRegex.swift in Sources */ = {isa = PBXBuildFile; fileRef = BA5B91141AEDEB9E000B1BD5 /* SwiftRegex.swift */; };
		BA5B91221AEDEB9E000B1BD5 /* WebSocket.swift in Sources */ = {isa = PBXBuildFile; fileRef = BA5B91151AEDEB9E000B1BD5 /* WebSocket.swift */; };
		BA90B6131B19018500C3E3D8 /* NuVents_SplashScreen.png in Resources */ = {isa = PBXBuildFile; fileRef = BA90B6121B19018400C3E3D8 /* NuVents_SplashScreen.png */; };
		BA90B6171B1D211D00C3E3D8 /* Fabric.framework in Frameworks */ = {isa = PBXBuildFile; fileRef = BA90B6151B1D211D00C3E3D8 /* Fabric.framework */; };
		BA90B6181B1D211D00C3E3D8 /* Crashlytics.framework in Frameworks */ = {isa = PBXBuildFile; fileRef = BA90B6161B1D211D00C3E3D8 /* Crashlytics.framework */; };
		BA90B61A1B1EB27B00C3E3D8 /* PickerView.swift in Sources */ = {isa = PBXBuildFile; fileRef = BA90B6191B1EB27B00C3E3D8 /* PickerView.swift */; };
		BA90B61C1B1EB28D00C3E3D8 /* MapView.swift in Sources */ = {isa = PBXBuildFile; fileRef = BA90B61B1B1EB28D00C3E3D8 /* MapView.swift */; };
		BA90B61E1B1EB29A00C3E3D8 /* ListView.swift in Sources */ = {isa = PBXBuildFile; fileRef = BA90B61D1B1EB29A00C3E3D8 /* ListView.swift */; };
		BA90B6201B1EB2AA00C3E3D8 /* CategoryView.swift in Sources */ = {isa = PBXBuildFile; fileRef = BA90B61F1B1EB2AA00C3E3D8 /* CategoryView.swift */; };
		BA9D112E1AF0148900C07FD3 /* SwiftyJSON.swift in Sources */ = {isa = PBXBuildFile; fileRef = BA9D112D1AF0148900C07FD3 /* SwiftyJSON.swift */; };
		BADEE4841B377EBE00AF8231 /* myLoc.png in Resources */ = {isa = PBXBuildFile; fileRef = BADEE4831B377EBE00AF8231 /* myLoc.png */; };
		BADEE4861B377EC500AF8231 /* homeBtn.png in Resources */ = {isa = PBXBuildFile; fileRef = BADEE4851B377EC500AF8231 /* homeBtn.png */; };
		BADEE4881B37909500AF8231 /* navBar.png in Resources */ = {isa = PBXBuildFile; fileRef = BADEE4871B37909500AF8231 /* navBar.png */; };
		BADEE4901B38629E00AF8231 /* forwardBtn.png in Resources */ = {isa = PBXBuildFile; fileRef = BADEE48F1B38629E00AF8231 /* forwardBtn.png */; };
		BADEE4921B3862A700AF8231 /* welcome.png in Resources */ = {isa = PBXBuildFile; fileRef = BADEE4911B3862A700AF8231 /* welcome.png */; };
		BADEE4981B3BB95600AF8231 /* categoryView.html in Resources */ = {isa = PBXBuildFile; fileRef = BADEE4941B3BB95600AF8231 /* categoryView.html */; };
		BADEE4991B3BB95600AF8231 /* detailView.html in Resources */ = {isa = PBXBuildFile; fileRef = BADEE4951B3BB95600AF8231 /* detailView.html */; };
		BADEE49A1B3BB95600AF8231 /* listView.html in Resources */ = {isa = PBXBuildFile; fileRef = BADEE4961B3BB95600AF8231 /* listView.html */; };
		BADEE49B1B3BB95600AF8231 /* pickerView.html in Resources */ = {isa = PBXBuildFile; fileRef = BADEE4971B3BB95600AF8231 /* pickerView.html */; };
/* End PBXBuildFile section */

/* Begin PBXContainerItemProxy section */
		BA5B90DA1AED81F3000B1BD5 /* PBXContainerItemProxy */ = {
			isa = PBXContainerItemProxy;
			containerPortal = BA5B90BC1AED81F3000B1BD5 /* Project object */;
			proxyType = 1;
			remoteGlobalIDString = BA5B90C31AED81F3000B1BD5;
			remoteInfo = "NuVents-ios";
		};
/* End PBXContainerItemProxy section */

/* Begin PBXFileReference section */
		BA1B733D1AFA82BE00A15B77 /* GMapCamera.swift */ = {isa = PBXFileReference; fileEncoding = 4; lastKnownFileType = sourcecode.swift; path = GMapCamera.swift; sourceTree = "<group>"; };
		BA1B733F1AFFFADE00A15B77 /* location.gpx */ = {isa = PBXFileReference; fileEncoding = 4; lastKnownFileType = text; path = location.gpx; sourceTree = "<group>"; };
		BA1B73411B011B9F00A15B77 /* DetailView.swift */ = {isa = PBXFileReference; fileEncoding = 4; lastKnownFileType = sourcecode.swift; path = DetailView.swift; sourceTree = "<group>"; };
		BA1EF5C11AF9AC63000775B7 /* GlobalVariables.swift */ = {isa = PBXFileReference; fileEncoding = 4; lastKnownFileType = sourcecode.swift; path = GlobalVariables.swift; sourceTree = "<group>"; };
		BA2E187B1AEEA178008AA18A /* NuVentsBackend.swift */ = {isa = PBXFileReference; fileEncoding = 4; lastKnownFileType = sourcecode.swift; path = NuVentsBackend.swift; sourceTree = "<group>"; };
		BA5B90C41AED81F3000B1BD5 /* NuVents.app */ = {isa = PBXFileReference; explicitFileType = wrapper.application; includeInIndex = 0; path = NuVents.app; sourceTree = BUILT_PRODUCTS_DIR; };
		BA5B90C81AED81F3000B1BD5 /* Info.plist */ = {isa = PBXFileReference; lastKnownFileType = text.plist.xml; path = Info.plist; sourceTree = "<group>"; };
		BA5B90C91AED81F3000B1BD5 /* AppDelegate.swift */ = {isa = PBXFileReference; lastKnownFileType = sourcecode.swift; path = AppDelegate.swift; sourceTree = "<group>"; };
		BA5B90CB1AED81F3000B1BD5 /* WelcomeView.swift */ = {isa = PBXFileReference; lastKnownFileType = sourcecode.swift; path = WelcomeView.swift; sourceTree = "<group>"; };
		BA5B90CE1AED81F3000B1BD5 /* Base */ = {isa = PBXFileReference; lastKnownFileType = file.storyboard; name = Base; path = Base.lproj/Main.storyboard; sourceTree = "<group>"; };
		BA5B90D01AED81F3000B1BD5 /* Images.xcassets */ = {isa = PBXFileReference; lastKnownFileType = folder.assetcatalog; path = Images.xcassets; sourceTree = "<group>"; };
		BA5B90D31AED81F3000B1BD5 /* Base */ = {isa = PBXFileReference; lastKnownFileType = file.xib; name = Base; path = Base.lproj/LaunchScreen.xib; sourceTree = "<group>"; };
		BA5B90D91AED81F3000B1BD5 /* NuVents-iosTests.xctest */ = {isa = PBXFileReference; explicitFileType = wrapper.cfbundle; includeInIndex = 0; path = "NuVents-iosTests.xctest"; sourceTree = BUILT_PRODUCTS_DIR; };
		BA5B90DE1AED81F3000B1BD5 /* Info.plist */ = {isa = PBXFileReference; lastKnownFileType = text.plist.xml; path = Info.plist; sourceTree = "<group>"; };
		BA5B90DF1AED81F3000B1BD5 /* NuVents_iosTests.swift */ = {isa = PBXFileReference; lastKnownFileType = sourcecode.swift; path = NuVents_iosTests.swift; sourceTree = "<group>"; };
		BA5B90E91AED8439000B1BD5 /* GoogleMaps.framework */ = {isa = PBXFileReference; lastKnownFileType = wrapper.framework; path = GoogleMaps.framework; sourceTree = "<group>"; };
		BA5B90EB1AED844B000B1BD5 /* GoogleMaps.bundle */ = {isa = PBXFileReference; lastKnownFileType = "wrapper.plug-in"; path = GoogleMaps.bundle; sourceTree = "<group>"; };
		BA5B90ED1AED851A000B1BD5 /* AVFoundation.framework */ = {isa = PBXFileReference; lastKnownFileType = wrapper.framework; name = AVFoundation.framework; path = System/Library/Frameworks/AVFoundation.framework; sourceTree = SDKROOT; };
		BA5B90EF1AED8520000B1BD5 /* CoreData.framework */ = {isa = PBXFileReference; lastKnownFileType = wrapper.framework; name = CoreData.framework; path = System/Library/Frameworks/CoreData.framework; sourceTree = SDKROOT; };
		BA5B90F11AED8525000B1BD5 /* CoreLocation.framework */ = {isa = PBXFileReference; lastKnownFileType = wrapper.framework; name = CoreLocation.framework; path = System/Library/Frameworks/CoreLocation.framework; sourceTree = SDKROOT; };
		BA5B90F31AED852B000B1BD5 /* CoreText.framework */ = {isa = PBXFileReference; lastKnownFileType = wrapper.framework; name = CoreText.framework; path = System/Library/Frameworks/CoreText.framework; sourceTree = SDKROOT; };
		BA5B90F51AED8531000B1BD5 /* GLKit.framework */ = {isa = PBXFileReference; lastKnownFileType = wrapper.framework; name = GLKit.framework; path = System/Library/Frameworks/GLKit.framework; sourceTree = SDKROOT; };
		BA5B90F71AED8536000B1BD5 /* ImageIO.framework */ = {isa = PBXFileReference; lastKnownFileType = wrapper.framework; name = ImageIO.framework; path = System/Library/Frameworks/ImageIO.framework; sourceTree = SDKROOT; };
		BA5B90F91AED854E000B1BD5 /* libc++.dylib */ = {isa = PBXFileReference; lastKnownFileType = "compiled.mach-o.dylib"; name = "libc++.dylib"; path = "usr/lib/libc++.dylib"; sourceTree = SDKROOT; };
		BA5B90FB1AED8559000B1BD5 /* libicucore.dylib */ = {isa = PBXFileReference; lastKnownFileType = "compiled.mach-o.dylib"; name = libicucore.dylib; path = usr/lib/libicucore.dylib; sourceTree = SDKROOT; };
		BA5B90FD1AED855F000B1BD5 /* libz.dylib */ = {isa = PBXFileReference; lastKnownFileType = "compiled.mach-o.dylib"; name = libz.dylib; path = usr/lib/libz.dylib; sourceTree = SDKROOT; };
		BA5B90FF1AED8567000B1BD5 /* OpenGLES.framework */ = {isa = PBXFileReference; lastKnownFileType = wrapper.framework; name = OpenGLES.framework; path = System/Library/Frameworks/OpenGLES.framework; sourceTree = SDKROOT; };
		BA5B91011AED856F000B1BD5 /* QuartzCore.framework */ = {isa = PBXFileReference; lastKnownFileType = wrapper.framework; name = QuartzCore.framework; path = System/Library/Frameworks/QuartzCore.framework; sourceTree = SDKROOT; };
		BA5B91031AED8575000B1BD5 /* SystemConfiguration.framework */ = {isa = PBXFileReference; lastKnownFileType = wrapper.framework; name = SystemConfiguration.framework; path = System/Library/Frameworks/SystemConfiguration.framework; sourceTree = SDKROOT; };
		BA5B91051AED8601000B1BD5 /* NuVents-ios-Bridging-Header.h */ = {isa = PBXFileReference; lastKnownFileType = sourcecode.c.h; path = "NuVents-ios-Bridging-Header.h"; sourceTree = "<group>"; };
		BA5B91091AEDEB9E000B1BD5 /* SocketAckManager.swift */ = {isa = PBXFileReference; fileEncoding = 4; lastKnownFileType = sourcecode.swift; path = SocketAckManager.swift; sourceTree = "<group>"; };
		BA5B910A1AEDEB9E000B1BD5 /* SocketAnyEvent.swift */ = {isa = PBXFileReference; fileEncoding = 4; lastKnownFileType = sourcecode.swift; path = SocketAnyEvent.swift; sourceTree = "<group>"; };
		BA5B910B1AEDEB9E000B1BD5 /* SocketEngine.swift */ = {isa = PBXFileReference; fileEncoding = 4; lastKnownFileType = sourcecode.swift; path = SocketEngine.swift; sourceTree = "<group>"; };
		BA5B910C1AEDEB9E000B1BD5 /* SocketEngineClient.swift */ = {isa = PBXFileReference; fileEncoding = 4; lastKnownFileType = sourcecode.swift; path = SocketEngineClient.swift; sourceTree = "<group>"; };
		BA5B910D1AEDEB9E000B1BD5 /* SocketEventHandler.swift */ = {isa = PBXFileReference; fileEncoding = 4; lastKnownFileType = sourcecode.swift; path = SocketEventHandler.swift; sourceTree = "<group>"; };
		BA5B910E1AEDEB9E000B1BD5 /* SocketFixUTF8.swift */ = {isa = PBXFileReference; fileEncoding = 4; lastKnownFileType = sourcecode.swift; path = SocketFixUTF8.swift; sourceTree = "<group>"; };
		BA5B910F1AEDEB9E000B1BD5 /* SocketIOClient.swift */ = {isa = PBXFileReference; fileEncoding = 4; lastKnownFileType = sourcecode.swift; path = SocketIOClient.swift; sourceTree = "<group>"; };
		BA5B91101AEDEB9E000B1BD5 /* SocketLogger.swift */ = {isa = PBXFileReference; fileEncoding = 4; lastKnownFileType = sourcecode.swift; path = SocketLogger.swift; sourceTree = "<group>"; };
		BA5B91111AEDEB9E000B1BD5 /* SocketPacket.swift */ = {isa = PBXFileReference; fileEncoding = 4; lastKnownFileType = sourcecode.swift; path = SocketPacket.swift; sourceTree = "<group>"; };
		BA5B91121AEDEB9E000B1BD5 /* SocketParser.swift */ = {isa = PBXFileReference; fileEncoding = 4; lastKnownFileType = sourcecode.swift; path = SocketParser.swift; sourceTree = "<group>"; };
		BA5B91131AEDEB9E000B1BD5 /* SocketTypes.swift */ = {isa = PBXFileReference; fileEncoding = 4; lastKnownFileType = sourcecode.swift; path = SocketTypes.swift; sourceTree = "<group>"; };
		BA5B91141AEDEB9E000B1BD5 /* SwiftRegex.swift */ = {isa = PBXFileReference; fileEncoding = 4; lastKnownFileType = sourcecode.swift; path = SwiftRegex.swift; sourceTree = "<group>"; };
		BA5B91151AEDEB9E000B1BD5 /* WebSocket.swift */ = {isa = PBXFileReference; fileEncoding = 4; lastKnownFileType = sourcecode.swift; path = WebSocket.swift; sourceTree = "<group>"; };
		BA90B6121B19018400C3E3D8 /* NuVents_SplashScreen.png */ = {isa = PBXFileReference; lastKnownFileType = image.png; path = NuVents_SplashScreen.png; sourceTree = "<group>"; };
		BA90B6151B1D211D00C3E3D8 /* Fabric.framework */ = {isa = PBXFileReference; lastKnownFileType = wrapper.framework; path = Fabric.framework; sourceTree = "<group>"; };
		BA90B6161B1D211D00C3E3D8 /* Crashlytics.framework */ = {isa = PBXFileReference; lastKnownFileType = wrapper.framework; path = Crashlytics.framework; sourceTree = "<group>"; };
		BA90B6191B1EB27B00C3E3D8 /* PickerView.swift */ = {isa = PBXFileReference; fileEncoding = 4; lastKnownFileType = sourcecode.swift; path = PickerView.swift; sourceTree = "<group>"; };
		BA90B61B1B1EB28D00C3E3D8 /* MapView.swift */ = {isa = PBXFileReference; fileEncoding = 4; lastKnownFileType = sourcecode.swift; path = MapView.swift; sourceTree = "<group>"; };
		BA90B61D1B1EB29A00C3E3D8 /* ListView.swift */ = {isa = PBXFileReference; fileEncoding = 4; lastKnownFileType = sourcecode.swift; path = ListView.swift; sourceTree = "<group>"; };
		BA90B61F1B1EB2AA00C3E3D8 /* CategoryView.swift */ = {isa = PBXFileReference; fileEncoding = 4; lastKnownFileType = sourcecode.swift; path = CategoryView.swift; sourceTree = "<group>"; };
		BA9D112D1AF0148900C07FD3 /* SwiftyJSON.swift */ = {isa = PBXFileReference; fileEncoding = 4; lastKnownFileType = sourcecode.swift; path = SwiftyJSON.swift; sourceTree = "<group>"; };
		BADEE4831B377EBE00AF8231 /* myLoc.png */ = {isa = PBXFileReference; lastKnownFileType = image.png; path = myLoc.png; sourceTree = "<group>"; };
		BADEE4851B377EC500AF8231 /* homeBtn.png */ = {isa = PBXFileReference; lastKnownFileType = image.png; path = homeBtn.png; sourceTree = "<group>"; };
		BADEE4871B37909500AF8231 /* navBar.png */ = {isa = PBXFileReference; lastKnownFileType = image.png; path = navBar.png; sourceTree = "<group>"; };
		BADEE48F1B38629E00AF8231 /* forwardBtn.png */ = {isa = PBXFileReference; lastKnownFileType = image.png; path = forwardBtn.png; sourceTree = "<group>"; };
		BADEE4911B3862A700AF8231 /* welcome.png */ = {isa = PBXFileReference; lastKnownFileType = image.png; path = welcome.png; sourceTree = "<group>"; };
		BADEE4941B3BB95600AF8231 /* categoryView.html */ = {isa = PBXFileReference; fileEncoding = 4; lastKnownFileType = text.html; path = categoryView.html; sourceTree = "<group>"; };
		BADEE4951B3BB95600AF8231 /* detailView.html */ = {isa = PBXFileReference; fileEncoding = 4; lastKnownFileType = text.html; path = detailView.html; sourceTree = "<group>"; };
		BADEE4961B3BB95600AF8231 /* listView.html */ = {isa = PBXFileReference; fileEncoding = 4; lastKnownFileType = text.html; path = listView.html; sourceTree = "<group>"; };
		BADEE4971B3BB95600AF8231 /* pickerView.html */ = {isa = PBXFileReference; fileEncoding = 4; lastKnownFileType = text.html; path = pickerView.html; sourceTree = "<group>"; };
/* End PBXFileReference section */

/* Begin PBXFrameworksBuildPhase section */
		BA5B90C11AED81F3000B1BD5 /* Frameworks */ = {
			isa = PBXFrameworksBuildPhase;
			buildActionMask = 2147483647;
			files = (
				BA5B91041AED8575000B1BD5 /* SystemConfiguration.framework in Frameworks */,
				BA90B6181B1D211D00C3E3D8 /* Crashlytics.framework in Frameworks */,
				BA5B91021AED856F000B1BD5 /* QuartzCore.framework in Frameworks */,
				BA5B91001AED8567000B1BD5 /* OpenGLES.framework in Frameworks */,
				BA5B90FE1AED855F000B1BD5 /* libz.dylib in Frameworks */,
				BA5B90FC1AED8559000B1BD5 /* libicucore.dylib in Frameworks */,
				BA5B90FA1AED854E000B1BD5 /* libc++.dylib in Frameworks */,
				BA5B90F81AED8536000B1BD5 /* ImageIO.framework in Frameworks */,
				BA90B6171B1D211D00C3E3D8 /* Fabric.framework in Frameworks */,
				BA5B90F61AED8531000B1BD5 /* GLKit.framework in Frameworks */,
				BA5B90F41AED852B000B1BD5 /* CoreText.framework in Frameworks */,
				BA5B90F21AED8525000B1BD5 /* CoreLocation.framework in Frameworks */,
				BA5B90F01AED8520000B1BD5 /* CoreData.framework in Frameworks */,
				BA5B90EE1AED851A000B1BD5 /* AVFoundation.framework in Frameworks */,
				BA5B90EA1AED8439000B1BD5 /* GoogleMaps.framework in Frameworks */,
			);
			runOnlyForDeploymentPostprocessing = 0;
		};
		BA5B90D61AED81F3000B1BD5 /* Frameworks */ = {
			isa = PBXFrameworksBuildPhase;
			buildActionMask = 2147483647;
			files = (
			);
			runOnlyForDeploymentPostprocessing = 0;
		};
/* End PBXFrameworksBuildPhase section */

/* Begin PBXGroup section */
		BA5B90BB1AED81F3000B1BD5 = {
			isa = PBXGroup;
			children = (
				BA1B733F1AFFFADE00A15B77 /* location.gpx */,
				BA5B91031AED8575000B1BD5 /* SystemConfiguration.framework */,
				BA5B91011AED856F000B1BD5 /* QuartzCore.framework */,
				BA5B90FF1AED8567000B1BD5 /* OpenGLES.framework */,
				BA5B90FD1AED855F000B1BD5 /* libz.dylib */,
				BA5B90FB1AED8559000B1BD5 /* libicucore.dylib */,
				BA5B90F91AED854E000B1BD5 /* libc++.dylib */,
				BA5B90F71AED8536000B1BD5 /* ImageIO.framework */,
				BA5B90F51AED8531000B1BD5 /* GLKit.framework */,
				BA5B90F31AED852B000B1BD5 /* CoreText.framework */,
				BA5B90F11AED8525000B1BD5 /* CoreLocation.framework */,
				BA5B90EF1AED8520000B1BD5 /* CoreData.framework */,
				BA5B90ED1AED851A000B1BD5 /* AVFoundation.framework */,
				BA5B90EB1AED844B000B1BD5 /* GoogleMaps.bundle */,
				BA5B90E91AED8439000B1BD5 /* GoogleMaps.framework */,
				BA5B90C61AED81F3000B1BD5 /* NuVents-ios */,
				BA5B90DC1AED81F3000B1BD5 /* NuVents-iosTests */,
				BA5B90C51AED81F3000B1BD5 /* Products */,
			);
			sourceTree = "<group>";
		};
		BA5B90C51AED81F3000B1BD5 /* Products */ = {
			isa = PBXGroup;
			children = (
				BA5B90C41AED81F3000B1BD5 /* NuVents.app */,
				BA5B90D91AED81F3000B1BD5 /* NuVents-iosTests.xctest */,
			);
			name = Products;
			sourceTree = "<group>";
		};
		BA5B90C61AED81F3000B1BD5 /* NuVents-ios */ = {
			isa = PBXGroup;
			children = (
				BADEE4931B3BB8D500AF8231 /* WebViews */,
				BA8E59601B2A543700D6AB86 /* Graphics */,
				BA90B6151B1D211D00C3E3D8 /* Fabric.framework */,
				BA90B6161B1D211D00C3E3D8 /* Crashlytics.framework */,
				BA9D112D1AF0148900C07FD3 /* SwiftyJSON.swift */,
				BA5B91081AEDEB9E000B1BD5 /* SocketIOClientSwift */,
				BA5B90C91AED81F3000B1BD5 /* AppDelegate.swift */,
				BA5B90CB1AED81F3000B1BD5 /* WelcomeView.swift */,
				BA5B90CD1AED81F3000B1BD5 /* Main.storyboard */,
				BA5B90D01AED81F3000B1BD5 /* Images.xcassets */,
				BA5B90D21AED81F3000B1BD5 /* LaunchScreen.xib */,
				BA5B90C71AED81F3000B1BD5 /* Supporting Files */,
				BA5B91051AED8601000B1BD5 /* NuVents-ios-Bridging-Header.h */,
				BA2E187B1AEEA178008AA18A /* NuVentsBackend.swift */,
				BA1EF5C11AF9AC63000775B7 /* GlobalVariables.swift */,
				BA1B733D1AFA82BE00A15B77 /* GMapCamera.swift */,
				BA1B73411B011B9F00A15B77 /* DetailView.swift */,
				BA90B6191B1EB27B00C3E3D8 /* PickerView.swift */,
				BA90B61B1B1EB28D00C3E3D8 /* MapView.swift */,
				BA90B61D1B1EB29A00C3E3D8 /* ListView.swift */,
				BA90B61F1B1EB2AA00C3E3D8 /* CategoryView.swift */,
			);
			path = "NuVents-ios";
			sourceTree = "<group>";
		};
		BA5B90C71AED81F3000B1BD5 /* Supporting Files */ = {
			isa = PBXGroup;
			children = (
				BA5B90C81AED81F3000B1BD5 /* Info.plist */,
			);
			name = "Supporting Files";
			sourceTree = "<group>";
		};
		BA5B90DC1AED81F3000B1BD5 /* NuVents-iosTests */ = {
			isa = PBXGroup;
			children = (
				BA5B90DF1AED81F3000B1BD5 /* NuVents_iosTests.swift */,
				BA5B90DD1AED81F3000B1BD5 /* Supporting Files */,
			);
			path = "NuVents-iosTests";
			sourceTree = "<group>";
		};
		BA5B90DD1AED81F3000B1BD5 /* Supporting Files */ = {
			isa = PBXGroup;
			children = (
				BA5B90DE1AED81F3000B1BD5 /* Info.plist */,
			);
			name = "Supporting Files";
			sourceTree = "<group>";
		};
		BA5B91081AEDEB9E000B1BD5 /* SocketIOClientSwift */ = {
			isa = PBXGroup;
			children = (
				BA5B91091AEDEB9E000B1BD5 /* SocketAckManager.swift */,
				BA5B910A1AEDEB9E000B1BD5 /* SocketAnyEvent.swift */,
				BA5B910B1AEDEB9E000B1BD5 /* SocketEngine.swift */,
				BA5B910C1AEDEB9E000B1BD5 /* SocketEngineClient.swift */,
				BA5B910D1AEDEB9E000B1BD5 /* SocketEventHandler.swift */,
				BA5B910E1AEDEB9E000B1BD5 /* SocketFixUTF8.swift */,
				BA5B910F1AEDEB9E000B1BD5 /* SocketIOClient.swift */,
				BA5B91101AEDEB9E000B1BD5 /* SocketLogger.swift */,
				BA5B91111AEDEB9E000B1BD5 /* SocketPacket.swift */,
				BA5B91121AEDEB9E000B1BD5 /* SocketParser.swift */,
				BA5B91131AEDEB9E000B1BD5 /* SocketTypes.swift */,
				BA5B91141AEDEB9E000B1BD5 /* SwiftRegex.swift */,
				BA5B91151AEDEB9E000B1BD5 /* WebSocket.swift */,
			);
			path = SocketIOClientSwift;
			sourceTree = "<group>";
		};
		BA8E59601B2A543700D6AB86 /* Graphics */ = {
			isa = PBXGroup;
			children = (
				BADEE48F1B38629E00AF8231 /* forwardBtn.png */,
				BADEE4911B3862A700AF8231 /* welcome.png */,
				BADEE4871B37909500AF8231 /* navBar.png */,
				BADEE4831B377EBE00AF8231 /* myLoc.png */,
				BADEE4851B377EC500AF8231 /* homeBtn.png */,
				BA90B6121B19018400C3E3D8 /* NuVents_SplashScreen.png */,
			);
			name = Graphics;
			sourceTree = "<group>";
		};
		BADEE4931B3BB8D500AF8231 /* WebViews */ = {
			isa = PBXGroup;
			children = (
				BADEE4941B3BB95600AF8231 /* categoryView.html */,
				BADEE4951B3BB95600AF8231 /* detailView.html */,
				BADEE4961B3BB95600AF8231 /* listView.html */,
				BADEE4971B3BB95600AF8231 /* pickerView.html */,
			);
			name = WebViews;
			sourceTree = "<group>";
		};
/* End PBXGroup section */

/* Begin PBXNativeTarget section */
		BA5B90C31AED81F3000B1BD5 /* NuVents-ios */ = {
			isa = PBXNativeTarget;
			buildConfigurationList = BA5B90E31AED81F3000B1BD5 /* Build configuration list for PBXNativeTarget "NuVents-ios" */;
			buildPhases = (
				BA5B90C01AED81F3000B1BD5 /* Sources */,
				BA5B90C11AED81F3000B1BD5 /* Frameworks */,
				BA5B90C21AED81F3000B1BD5 /* Resources */,
				BA90B6141B1D20BB00C3E3D8 /* Run Script */,
			);
			buildRules = (
			);
			dependencies = (
			);
			name = "NuVents-ios";
			productName = "NuVents-ios";
			productReference = BA5B90C41AED81F3000B1BD5 /* NuVents.app */;
			productType = "com.apple.product-type.application";
		};
		BA5B90D81AED81F3000B1BD5 /* NuVents-iosTests */ = {
			isa = PBXNativeTarget;
			buildConfigurationList = BA5B90E61AED81F3000B1BD5 /* Build configuration list for PBXNativeTarget "NuVents-iosTests" */;
			buildPhases = (
				BA5B90D51AED81F3000B1BD5 /* Sources */,
				BA5B90D61AED81F3000B1BD5 /* Frameworks */,
				BA5B90D71AED81F3000B1BD5 /* Resources */,
			);
			buildRules = (
			);
			dependencies = (
				BA5B90DB1AED81F3000B1BD5 /* PBXTargetDependency */,
			);
			name = "NuVents-iosTests";
			productName = "NuVents-iosTests";
			productReference = BA5B90D91AED81F3000B1BD5 /* NuVents-iosTests.xctest */;
			productType = "com.apple.product-type.bundle.unit-test";
		};
/* End PBXNativeTarget section */

/* Begin PBXProject section */
		BA5B90BC1AED81F3000B1BD5 /* Project object */ = {
			isa = PBXProject;
			attributes = {
				LastUpgradeCheck = 0600;
				ORGANIZATIONNAME = NuVents;
				TargetAttributes = {
					BA5B90C31AED81F3000B1BD5 = {
						CreatedOnToolsVersion = 6.0;
					};
					BA5B90D81AED81F3000B1BD5 = {
						CreatedOnToolsVersion = 6.0;
						TestTargetID = BA5B90C31AED81F3000B1BD5;
					};
				};
			};
			buildConfigurationList = BA5B90BF1AED81F3000B1BD5 /* Build configuration list for PBXProject "NuVents-ios" */;
			compatibilityVersion = "Xcode 3.2";
			developmentRegion = English;
			hasScannedForEncodings = 0;
			knownRegions = (
				en,
				Base,
			);
			mainGroup = BA5B90BB1AED81F3000B1BD5;
			productRefGroup = BA5B90C51AED81F3000B1BD5 /* Products */;
			projectDirPath = "";
			projectRoot = "";
			targets = (
				BA5B90C31AED81F3000B1BD5 /* NuVents-ios */,
				BA5B90D81AED81F3000B1BD5 /* NuVents-iosTests */,
			);
		};
/* End PBXProject section */

/* Begin PBXResourcesBuildPhase section */
		BA5B90C21AED81F3000B1BD5 /* Resources */ = {
			isa = PBXResourcesBuildPhase;
			buildActionMask = 2147483647;
			files = (
				BA5B90CF1AED81F3000B1BD5 /* Main.storyboard in Resources */,
				BADEE4921B3862A700AF8231 /* welcome.png in Resources */,
				BA5B90D41AED81F3000B1BD5 /* LaunchScreen.xib in Resources */,
				BA1B73401AFFFADE00A15B77 /* location.gpx in Resources */,
				BADEE4861B377EC500AF8231 /* homeBtn.png in Resources */,
				BADEE49B1B3BB95600AF8231 /* pickerView.html in Resources */,
				BADEE4991B3BB95600AF8231 /* detailView.html in Resources */,
				BADEE4881B37909500AF8231 /* navBar.png in Resources */,
				BADEE4841B377EBE00AF8231 /* myLoc.png in Resources */,
				BA5B90D11AED81F3000B1BD5 /* Images.xcassets in Resources */,
				BA90B6131B19018500C3E3D8 /* NuVents_SplashScreen.png in Resources */,
				BADEE4981B3BB95600AF8231 /* categoryView.html in Resources */,
				BADEE4901B38629E00AF8231 /* forwardBtn.png in Resources */,
				BA5B90EC1AED844B000B1BD5 /* GoogleMaps.bundle in Resources */,
				BADEE49A1B3BB95600AF8231 /* listView.html in Resources */,
			);
			runOnlyForDeploymentPostprocessing = 0;
		};
		BA5B90D71AED81F3000B1BD5 /* Resources */ = {
			isa = PBXResourcesBuildPhase;
			buildActionMask = 2147483647;
			files = (
			);
			runOnlyForDeploymentPostprocessing = 0;
		};
/* End PBXResourcesBuildPhase section */

/* Begin PBXShellScriptBuildPhase section */
		BA90B6141B1D20BB00C3E3D8 /* Run Script */ = {
			isa = PBXShellScriptBuildPhase;
			buildActionMask = 2147483647;
			files = (
			);
			inputPaths = (
			);
			name = "Run Script";
			outputPaths = (
			);
			runOnlyForDeploymentPostprocessing = 0;
			shellPath = /bin/sh;
			shellScript = "./Fabric.framework/run f8b574d5e29a6fdfd495347c75350a31d19e1a84 e8c46c780408d1325a1db7c78d47c8c64c381f159d4cdde44cc7cd181a8483de";
		};
/* End PBXShellScriptBuildPhase section */

/* Begin PBXSourcesBuildPhase section */
		BA5B90C01AED81F3000B1BD5 /* Sources */ = {
			isa = PBXSourcesBuildPhase;
			buildActionMask = 2147483647;
			files = (
				BA5B911C1AEDEB9E000B1BD5 /* SocketIOClient.swift in Sources */,
				BA5B91161AEDEB9E000B1BD5 /* SocketAckManager.swift in Sources */,
				BA5B91191AEDEB9E000B1BD5 /* SocketEngineClient.swift in Sources */,
				BA90B61C1B1EB28D00C3E3D8 /* MapView.swift in Sources */,
				BA5B91211AEDEB9E000B1BD5 /* SwiftRegex.swift in Sources */,
				BA5B91221AEDEB9E000B1BD5 /* WebSocket.swift in Sources */,
				BA90B61A1B1EB27B00C3E3D8 /* PickerView.swift in Sources */,
				BA90B61E1B1EB29A00C3E3D8 /* ListView.swift in Sources */,
				BA5B91181AEDEB9E000B1BD5 /* SocketEngine.swift in Sources */,
				BA5B90CC1AED81F3000B1BD5 /* WelcomeView.swift in Sources */,
				BA5B911E1AEDEB9E000B1BD5 /* SocketPacket.swift in Sources */,
				BA5B911A1AEDEB9E000B1BD5 /* SocketEventHandler.swift in Sources */,
				BA5B911D1AEDEB9E000B1BD5 /* SocketLogger.swift in Sources */,
				BA1B733E1AFA82BE00A15B77 /* GMapCamera.swift in Sources */,
				BA90B6201B1EB2AA00C3E3D8 /* CategoryView.swift in Sources */,
				BA2E187C1AEEA178008AA18A /* NuVentsBackend.swift in Sources */,
				BA1B73421B011B9F00A15B77 /* DetailView.swift in Sources */,
				BA5B911B1AEDEB9E000B1BD5 /* SocketFixUTF8.swift in Sources */,
				BA1EF5C21AF9AC63000775B7 /* GlobalVariables.swift in Sources */,
				BA5B91201AEDEB9E000B1BD5 /* SocketTypes.swift in Sources */,
				BA5B91171AEDEB9E000B1BD5 /* SocketAnyEvent.swift in Sources */,
				BA9D112E1AF0148900C07FD3 /* SwiftyJSON.swift in Sources */,
				BA5B90CA1AED81F3000B1BD5 /* AppDelegate.swift in Sources */,
				BA5B911F1AEDEB9E000B1BD5 /* SocketParser.swift in Sources */,
			);
			runOnlyForDeploymentPostprocessing = 0;
		};
		BA5B90D51AED81F3000B1BD5 /* Sources */ = {
			isa = PBXSourcesBuildPhase;
			buildActionMask = 2147483647;
			files = (
				BA5B90E01AED81F3000B1BD5 /* NuVents_iosTests.swift in Sources */,
			);
			runOnlyForDeploymentPostprocessing = 0;
		};
/* End PBXSourcesBuildPhase section */

/* Begin PBXTargetDependency section */
		BA5B90DB1AED81F3000B1BD5 /* PBXTargetDependency */ = {
			isa = PBXTargetDependency;
			target = BA5B90C31AED81F3000B1BD5 /* NuVents-ios */;
			targetProxy = BA5B90DA1AED81F3000B1BD5 /* PBXContainerItemProxy */;
		};
/* End PBXTargetDependency section */

/* Begin PBXVariantGroup section */
		BA5B90CD1AED81F3000B1BD5 /* Main.storyboard */ = {
			isa = PBXVariantGroup;
			children = (
				BA5B90CE1AED81F3000B1BD5 /* Base */,
			);
			name = Main.storyboard;
			sourceTree = "<group>";
		};
		BA5B90D21AED81F3000B1BD5 /* LaunchScreen.xib */ = {
			isa = PBXVariantGroup;
			children = (
				BA5B90D31AED81F3000B1BD5 /* Base */,
			);
			name = LaunchScreen.xib;
			sourceTree = "<group>";
		};
/* End PBXVariantGroup section */

/* Begin XCBuildConfiguration section */
		BA5B90E11AED81F3000B1BD5 /* Debug */ = {
			isa = XCBuildConfiguration;
			buildSettings = {
				ALWAYS_SEARCH_USER_PATHS = NO;
				CLANG_CXX_LANGUAGE_STANDARD = "gnu++0x";
				CLANG_CXX_LIBRARY = "libc++";
				CLANG_ENABLE_MODULES = YES;
				CLANG_ENABLE_OBJC_ARC = YES;
				CLANG_WARN_BOOL_CONVERSION = YES;
				CLANG_WARN_CONSTANT_CONVERSION = YES;
				CLANG_WARN_DIRECT_OBJC_ISA_USAGE = YES_ERROR;
				CLANG_WARN_EMPTY_BODY = YES;
				CLANG_WARN_ENUM_CONVERSION = YES;
				CLANG_WARN_INT_CONVERSION = YES;
				CLANG_WARN_OBJC_ROOT_CLASS = YES_ERROR;
				CLANG_WARN_UNREACHABLE_CODE = YES;
				CLANG_WARN__DUPLICATE_METHOD_MATCH = YES;
				"CODE_SIGN_IDENTITY[sdk=iphoneos*]" = "iPhone Developer";
				COPY_PHASE_STRIP = NO;
				ENABLE_STRICT_OBJC_MSGSEND = YES;
				GCC_C_LANGUAGE_STANDARD = gnu99;
				GCC_DYNAMIC_NO_PIC = NO;
				GCC_OPTIMIZATION_LEVEL = 0;
				GCC_PREPROCESSOR_DEFINITIONS = (
					"DEBUG=1",
					"$(inherited)",
				);
				GCC_SYMBOLS_PRIVATE_EXTERN = NO;
				GCC_WARN_64_TO_32_BIT_CONVERSION = YES;
				GCC_WARN_ABOUT_RETURN_TYPE = YES_ERROR;
				GCC_WARN_UNDECLARED_SELECTOR = YES;
				GCC_WARN_UNINITIALIZED_AUTOS = YES_AGGRESSIVE;
				GCC_WARN_UNUSED_FUNCTION = YES;
				GCC_WARN_UNUSED_VARIABLE = YES;
				IPHONEOS_DEPLOYMENT_TARGET = 8.0;
				MTL_ENABLE_DEBUG_INFO = YES;
				ONLY_ACTIVE_ARCH = YES;
				OTHER_LDFLAGS = "-ObjC";
				SDKROOT = iphoneos;
				SWIFT_OPTIMIZATION_LEVEL = "-Onone";
				TARGETED_DEVICE_FAMILY = "1,2";
			};
			name = Debug;
		};
		BA5B90E21AED81F3000B1BD5 /* Release */ = {
			isa = XCBuildConfiguration;
			buildSettings = {
				ALWAYS_SEARCH_USER_PATHS = NO;
				CLANG_CXX_LANGUAGE_STANDARD = "gnu++0x";
				CLANG_CXX_LIBRARY = "libc++";
				CLANG_ENABLE_MODULES = YES;
				CLANG_ENABLE_OBJC_ARC = YES;
				CLANG_WARN_BOOL_CONVERSION = YES;
				CLANG_WARN_CONSTANT_CONVERSION = YES;
				CLANG_WARN_DIRECT_OBJC_ISA_USAGE = YES_ERROR;
				CLANG_WARN_EMPTY_BODY = YES;
				CLANG_WARN_ENUM_CONVERSION = YES;
				CLANG_WARN_INT_CONVERSION = YES;
				CLANG_WARN_OBJC_ROOT_CLASS = YES_ERROR;
				CLANG_WARN_UNREACHABLE_CODE = YES;
				CLANG_WARN__DUPLICATE_METHOD_MATCH = YES;
				"CODE_SIGN_IDENTITY[sdk=iphoneos*]" = "iPhone Developer";
				COPY_PHASE_STRIP = YES;
				ENABLE_NS_ASSERTIONS = NO;
				ENABLE_STRICT_OBJC_MSGSEND = YES;
				GCC_C_LANGUAGE_STANDARD = gnu99;
				GCC_WARN_64_TO_32_BIT_CONVERSION = YES;
				GCC_WARN_ABOUT_RETURN_TYPE = YES_ERROR;
				GCC_WARN_UNDECLARED_SELECTOR = YES;
				GCC_WARN_UNINITIALIZED_AUTOS = YES_AGGRESSIVE;
				GCC_WARN_UNUSED_FUNCTION = YES;
				GCC_WARN_UNUSED_VARIABLE = YES;
				IPHONEOS_DEPLOYMENT_TARGET = 8.0;
				MTL_ENABLE_DEBUG_INFO = NO;
				OTHER_LDFLAGS = "-ObjC";
				SDKROOT = iphoneos;
				TARGETED_DEVICE_FAMILY = "1,2";
				VALIDATE_PRODUCT = YES;
			};
			name = Release;
		};
		BA5B90E41AED81F3000B1BD5 /* Debug */ = {
			isa = XCBuildConfiguration;
			buildSettings = {
				ASSETCATALOG_COMPILER_APPICON_NAME = AppIcon;
				ASSETCATALOG_COMPILER_LAUNCHIMAGE_NAME = LaunchImage;
				CLANG_ENABLE_MODULES = YES;
				FRAMEWORK_SEARCH_PATHS = (
					"$(inherited)",
					"$(PROJECT_DIR)",
					"$(PROJECT_DIR)/NuVents-ios",
				);
				INFOPLIST_FILE = "NuVents-ios/Info.plist";
				IPHONEOS_DEPLOYMENT_TARGET = 7.0;
				LD_RUNPATH_SEARCH_PATHS = "$(inherited) @executable_path/Frameworks";
				PRODUCT_NAME = NuVents;
				SWIFT_OBJC_BRIDGING_HEADER = "NuVents-ios/NuVents-ios-Bridging-Header.h";
				SWIFT_OPTIMIZATION_LEVEL = "-Onone";
				TARGETED_DEVICE_FAMILY = 1;
			};
			name = Debug;
		};
		BA5B90E51AED81F3000B1BD5 /* Release */ = {
			isa = XCBuildConfiguration;
			buildSettings = {
				ASSETCATALOG_COMPILER_APPICON_NAME = AppIcon;
				ASSETCATALOG_COMPILER_LAUNCHIMAGE_NAME = LaunchImage;
				CLANG_ENABLE_MODULES = YES;
				FRAMEWORK_SEARCH_PATHS = (
					"$(inherited)",
					"$(PROJECT_DIR)",
					"$(PROJECT_DIR)/NuVents-ios",
				);
				INFOPLIST_FILE = "NuVents-ios/Info.plist";
				IPHONEOS_DEPLOYMENT_TARGET = 7.0;
				LD_RUNPATH_SEARCH_PATHS = "$(inherited) @executable_path/Frameworks";
				PRODUCT_NAME = NuVents;
				SWIFT_OBJC_BRIDGING_HEADER = "NuVents-ios/NuVents-ios-Bridging-Header.h";
				TARGETED_DEVICE_FAMILY = 1;
			};
			name = Release;
		};
		BA5B90E71AED81F3000B1BD5 /* Debug */ = {
			isa = XCBuildConfiguration;
			buildSettings = {
				BUNDLE_LOADER = "$(TEST_HOST)";
				FRAMEWORK_SEARCH_PATHS = (
					"$(SDKROOT)/Developer/Library/Frameworks",
					"$(inherited)",
				);
				GCC_PREPROCESSOR_DEFINITIONS = (
					"DEBUG=1",
					"$(inherited)",
				);
				INFOPLIST_FILE = "NuVents-iosTests/Info.plist";
				LD_RUNPATH_SEARCH_PATHS = "$(inherited) @executable_path/Frameworks @loader_path/Frameworks";
				PRODUCT_NAME = "$(TARGET_NAME)";
				TEST_HOST = "$(BUILT_PRODUCTS_DIR)/NuVents-ios.app/NuVents-ios";
			};
			name = Debug;
		};
		BA5B90E81AED81F3000B1BD5 /* Release */ = {
			isa = XCBuildConfiguration;
			buildSettings = {
				BUNDLE_LOADER = "$(TEST_HOST)";
				FRAMEWORK_SEARCH_PATHS = (
					"$(SDKROOT)/Developer/Library/Frameworks",
					"$(inherited)",
				);
				INFOPLIST_FILE = "NuVents-iosTests/Info.plist";
				LD_RUNPATH_SEARCH_PATHS = "$(inherited) @executable_path/Frameworks @loader_path/Frameworks";
				PRODUCT_NAME = "$(TARGET_NAME)";
				TEST_HOST = "$(BUILT_PRODUCTS_DIR)/NuVents-ios.app/NuVents-ios";
			};
			name = Release;
		};
/* End XCBuildConfiguration section */

/* Begin XCConfigurationList section */
		BA5B90BF1AED81F3000B1BD5 /* Build configuration list for PBXProject "NuVents-ios" */ = {
			isa = XCConfigurationList;
			buildConfigurations = (
				BA5B90E11AED81F3000B1BD5 /* Debug */,
				BA5B90E21AED81F3000B1BD5 /* Release */,
			);
			defaultConfigurationIsVisible = 0;
			defaultConfigurationName = Release;
		};
		BA5B90E31AED81F3000B1BD5 /* Build configuration list for PBXNativeTarget "NuVents-ios" */ = {
			isa = XCConfigurationList;
			buildConfigurations = (
				BA5B90E41AED81F3000B1BD5 /* Debug */,
				BA5B90E51AED81F3000B1BD5 /* Release */,
			);
			defaultConfigurationIsVisible = 0;
			defaultConfigurationName = Release;
		};
		BA5B90E61AED81F3000B1BD5 /* Build configuration list for PBXNativeTarget "NuVents-iosTests" */ = {
			isa = XCConfigurationList;
			buildConfigurations = (
				BA5B90E71AED81F3000B1BD5 /* Debug */,
				BA5B90E81AED81F3000B1BD5 /* Release */,
			);
			defaultConfigurationIsVisible = 0;
			defaultConfigurationName = Release;
		};
/* End XCConfigurationList section */
	};
	rootObject = BA5B90BC1AED81F3000B1BD5 /* Project object */;
}
